// !$*UTF8*$!
{
	archiveVersion = 1;
	classes = {
	};
	objectVersion = 56;
	objects = {

/* Begin PBXBuildFile section */
		BA67949B2965A4FF00E22F56 /* LitProtocolSwiftSDK.docc in Sources */ = {isa = PBXBuildFile; fileRef = BA67949A2965A4FF00E22F56 /* LitProtocolSwiftSDK.docc */; };
		BA6794A12965A4FF00E22F56 /* LitProtocolSwiftSDK.framework in Frameworks */ = {isa = PBXBuildFile; fileRef = BA6794962965A4FF00E22F56 /* LitProtocolSwiftSDK.framework */; };
		BA6794A62965A4FF00E22F56 /* LitProtocolSwiftSDKTests.swift in Sources */ = {isa = PBXBuildFile; fileRef = BA6794A52965A4FF00E22F56 /* LitProtocolSwiftSDKTests.swift */; };
		BA6794A72965A4FF00E22F56 /* LitProtocolSwiftSDK.h in Headers */ = {isa = PBXBuildFile; fileRef = BA6794992965A4FF00E22F56 /* LitProtocolSwiftSDK.h */; settings = {ATTRIBUTES = (Public, ); }; };
		BA6794B72965A53100E22F56 /* AppDelegate.swift in Sources */ = {isa = PBXBuildFile; fileRef = BA6794B62965A53100E22F56 /* AppDelegate.swift */; };
		BA6794B92965A53100E22F56 /* SceneDelegate.swift in Sources */ = {isa = PBXBuildFile; fileRef = BA6794B82965A53100E22F56 /* SceneDelegate.swift */; };
		BA6794BB2965A53100E22F56 /* ViewController.swift in Sources */ = {isa = PBXBuildFile; fileRef = BA6794BA2965A53100E22F56 /* ViewController.swift */; };
		BA6794BE2965A53100E22F56 /* Main.storyboard in Resources */ = {isa = PBXBuildFile; fileRef = BA6794BC2965A53100E22F56 /* Main.storyboard */; };
		BA6794C02965A53300E22F56 /* Assets.xcassets in Resources */ = {isa = PBXBuildFile; fileRef = BA6794BF2965A53300E22F56 /* Assets.xcassets */; };
		BA6794C32965A53300E22F56 /* LaunchScreen.storyboard in Resources */ = {isa = PBXBuildFile; fileRef = BA6794C12965A53300E22F56 /* LaunchScreen.storyboard */; };
		BA6794D02965A57200E22F56 /* LitOAuthPKPSignUp.h in Headers */ = {isa = PBXBuildFile; fileRef = BA6794CF2965A57200E22F56 /* LitOAuthPKPSignUp.h */; settings = {ATTRIBUTES = (Public, ); }; };
		BA6794D32965A57200E22F56 /* LitOAuthPKPSignUp.framework in Frameworks */ = {isa = PBXBuildFile; fileRef = BA6794CD2965A57100E22F56 /* LitOAuthPKPSignUp.framework */; };
		BA6794D42965A57200E22F56 /* LitOAuthPKPSignUp.framework in Embed Frameworks */ = {isa = PBXBuildFile; fileRef = BA6794CD2965A57100E22F56 /* LitOAuthPKPSignUp.framework */; settings = {ATTRIBUTES = (CodeSignOnCopy, RemoveHeadersOnCopy, ); }; };
		BA6794DA2965A58A00E22F56 /* LitClient.swift in Sources */ = {isa = PBXBuildFile; fileRef = BA6794D92965A58A00E22F56 /* LitClient.swift */; };
		BA6794DF2965A5EB00E22F56 /* LitSwiftSDK.swift in Sources */ = {isa = PBXBuildFile; fileRef = BA6794DE2965A5EB00E22F56 /* LitSwiftSDK.swift */; };
		BA6794E62965AD1600E22F56 /* GoogleSignIn in Frameworks */ = {isa = PBXBuildFile; productRef = BA6794E52965AD1600E22F56 /* GoogleSignIn */; };
		BA6794E82965AD1600E22F56 /* GoogleSignInSwift in Frameworks */ = {isa = PBXBuildFile; productRef = BA6794E72965AD1600E22F56 /* GoogleSignInSwift */; };
		BA6794F32965BE3F00E22F56 /* LitProtocolSwiftSDK.framework in Frameworks */ = {isa = PBXBuildFile; fileRef = BA6794962965A4FF00E22F56 /* LitProtocolSwiftSDK.framework */; };
		BA8FD5742965BE9E008F687C /* LitProtocolSwiftSDK.framework in Embed Frameworks */ = {isa = PBXBuildFile; fileRef = BA6794962965A4FF00E22F56 /* LitProtocolSwiftSDK.framework */; settings = {ATTRIBUTES = (CodeSignOnCopy, RemoveHeadersOnCopy, ); }; };
/* End PBXBuildFile section */

/* Begin PBXContainerItemProxy section */
		BA6794A22965A4FF00E22F56 /* PBXContainerItemProxy */ = {
			isa = PBXContainerItemProxy;
			containerPortal = BA67948D2965A4FF00E22F56 /* Project object */;
			proxyType = 1;
			remoteGlobalIDString = BA6794952965A4FF00E22F56;
			remoteInfo = LitProtocolSwiftSDK;
		};
		BA6794D12965A57200E22F56 /* PBXContainerItemProxy */ = {
			isa = PBXContainerItemProxy;
			containerPortal = BA67948D2965A4FF00E22F56 /* Project object */;
			proxyType = 1;
			remoteGlobalIDString = BA6794CC2965A57100E22F56;
			remoteInfo = LitOAuthPKPSignUp;
		};
		BA6794EE2965B41D00E22F56 /* PBXContainerItemProxy */ = {
			isa = PBXContainerItemProxy;
			containerPortal = BA67948D2965A4FF00E22F56 /* Project object */;
			proxyType = 1;
			remoteGlobalIDString = BA6794952965A4FF00E22F56;
			remoteInfo = LitProtocolSwiftSDK;
		};
/* End PBXContainerItemProxy section */

/* Begin PBXCopyFilesBuildPhase section */
		BA6794D82965A57200E22F56 /* Embed Frameworks */ = {
			isa = PBXCopyFilesBuildPhase;
			buildActionMask = 2147483647;
			dstPath = "";
			dstSubfolderSpec = 10;
			files = (
				BA8FD5742965BE9E008F687C /* LitProtocolSwiftSDK.framework in Embed Frameworks */,
				BA6794D42965A57200E22F56 /* LitOAuthPKPSignUp.framework in Embed Frameworks */,
			);
			name = "Embed Frameworks";
			runOnlyForDeploymentPostprocessing = 0;
		};
/* End PBXCopyFilesBuildPhase section */

/* Begin PBXFileReference section */
		BA6794962965A4FF00E22F56 /* LitProtocolSwiftSDK.framework */ = {isa = PBXFileReference; explicitFileType = wrapper.framework; includeInIndex = 0; path = LitProtocolSwiftSDK.framework; sourceTree = BUILT_PRODUCTS_DIR; };
		BA6794992965A4FF00E22F56 /* LitProtocolSwiftSDK.h */ = {isa = PBXFileReference; lastKnownFileType = sourcecode.c.h; path = LitProtocolSwiftSDK.h; sourceTree = "<group>"; };
		BA67949A2965A4FF00E22F56 /* LitProtocolSwiftSDK.docc */ = {isa = PBXFileReference; lastKnownFileType = folder.documentationcatalog; path = LitProtocolSwiftSDK.docc; sourceTree = "<group>"; };
		BA6794A02965A4FF00E22F56 /* LitProtocolSwiftSDKTests.xctest */ = {isa = PBXFileReference; explicitFileType = wrapper.cfbundle; includeInIndex = 0; path = LitProtocolSwiftSDKTests.xctest; sourceTree = BUILT_PRODUCTS_DIR; };
		BA6794A52965A4FF00E22F56 /* LitProtocolSwiftSDKTests.swift */ = {isa = PBXFileReference; lastKnownFileType = sourcecode.swift; path = LitProtocolSwiftSDKTests.swift; sourceTree = "<group>"; };
		BA6794B42965A53100E22F56 /* Example.app */ = {isa = PBXFileReference; explicitFileType = wrapper.application; includeInIndex = 0; path = Example.app; sourceTree = BUILT_PRODUCTS_DIR; };
		BA6794B62965A53100E22F56 /* AppDelegate.swift */ = {isa = PBXFileReference; lastKnownFileType = sourcecode.swift; path = AppDelegate.swift; sourceTree = "<group>"; };
		BA6794B82965A53100E22F56 /* SceneDelegate.swift */ = {isa = PBXFileReference; lastKnownFileType = sourcecode.swift; path = SceneDelegate.swift; sourceTree = "<group>"; };
		BA6794BA2965A53100E22F56 /* ViewController.swift */ = {isa = PBXFileReference; lastKnownFileType = sourcecode.swift; path = ViewController.swift; sourceTree = "<group>"; };
		BA6794BD2965A53100E22F56 /* Base */ = {isa = PBXFileReference; lastKnownFileType = file.storyboard; name = Base; path = Base.lproj/Main.storyboard; sourceTree = "<group>"; };
		BA6794BF2965A53300E22F56 /* Assets.xcassets */ = {isa = PBXFileReference; lastKnownFileType = folder.assetcatalog; path = Assets.xcassets; sourceTree = "<group>"; };
		BA6794C22965A53300E22F56 /* Base */ = {isa = PBXFileReference; lastKnownFileType = file.storyboard; name = Base; path = Base.lproj/LaunchScreen.storyboard; sourceTree = "<group>"; };
		BA6794C42965A53300E22F56 /* Info.plist */ = {isa = PBXFileReference; lastKnownFileType = text.plist.xml; path = Info.plist; sourceTree = "<group>"; };
		BA6794CD2965A57100E22F56 /* LitOAuthPKPSignUp.framework */ = {isa = PBXFileReference; explicitFileType = wrapper.framework; includeInIndex = 0; path = LitOAuthPKPSignUp.framework; sourceTree = BUILT_PRODUCTS_DIR; };
		BA6794CF2965A57200E22F56 /* LitOAuthPKPSignUp.h */ = {isa = PBXFileReference; lastKnownFileType = sourcecode.c.h; path = LitOAuthPKPSignUp.h; sourceTree = "<group>"; };
		BA6794D92965A58A00E22F56 /* LitClient.swift */ = {isa = PBXFileReference; lastKnownFileType = sourcecode.swift; path = LitClient.swift; sourceTree = "<group>"; };
		BA6794DE2965A5EB00E22F56 /* LitSwiftSDK.swift */ = {isa = PBXFileReference; lastKnownFileType = sourcecode.swift; path = LitSwiftSDK.swift; sourceTree = "<group>"; };
/* End PBXFileReference section */

/* Begin PBXFrameworksBuildPhase section */
		BA6794932965A4FF00E22F56 /* Frameworks */ = {
			isa = PBXFrameworksBuildPhase;
			buildActionMask = 2147483647;
			files = (
			);
			runOnlyForDeploymentPostprocessing = 0;
		};
		BA67949D2965A4FF00E22F56 /* Frameworks */ = {
			isa = PBXFrameworksBuildPhase;
			buildActionMask = 2147483647;
			files = (
				BA6794A12965A4FF00E22F56 /* LitProtocolSwiftSDK.framework in Frameworks */,
			);
			runOnlyForDeploymentPostprocessing = 0;
		};
		BA6794B12965A53100E22F56 /* Frameworks */ = {
			isa = PBXFrameworksBuildPhase;
			buildActionMask = 2147483647;
			files = (
				BA6794E82965AD1600E22F56 /* GoogleSignInSwift in Frameworks */,
				BA6794D32965A57200E22F56 /* LitOAuthPKPSignUp.framework in Frameworks */,
				BA6794E62965AD1600E22F56 /* GoogleSignIn in Frameworks */,
			);
			runOnlyForDeploymentPostprocessing = 0;
		};
		BA6794CA2965A57100E22F56 /* Frameworks */ = {
			isa = PBXFrameworksBuildPhase;
			buildActionMask = 2147483647;
			files = (
				BA6794F32965BE3F00E22F56 /* LitProtocolSwiftSDK.framework in Frameworks */,
			);
			runOnlyForDeploymentPostprocessing = 0;
		};
/* End PBXFrameworksBuildPhase section */

/* Begin PBXGroup section */
		BA67948C2965A4FF00E22F56 = {
			isa = PBXGroup;
			children = (
				BA6794982965A4FF00E22F56 /* LitProtocolSwiftSDK */,
				BA6794A42965A4FF00E22F56 /* LitProtocolSwiftSDKTests */,
				BA6794B52965A53100E22F56 /* Example */,
				BA6794CE2965A57200E22F56 /* LitOAuthPKPSignUp */,
				BA6794972965A4FF00E22F56 /* Products */,
				BA6794E22965AA1A00E22F56 /* Frameworks */,
			);
			sourceTree = "<group>";
		};
		BA6794972965A4FF00E22F56 /* Products */ = {
			isa = PBXGroup;
			children = (
				BA6794962965A4FF00E22F56 /* LitProtocolSwiftSDK.framework */,
				BA6794A02965A4FF00E22F56 /* LitProtocolSwiftSDKTests.xctest */,
				BA6794B42965A53100E22F56 /* Example.app */,
				BA6794CD2965A57100E22F56 /* LitOAuthPKPSignUp.framework */,
			);
			name = Products;
			sourceTree = "<group>";
		};
		BA6794982965A4FF00E22F56 /* LitProtocolSwiftSDK */ = {
			isa = PBXGroup;
			children = (
				BA6794DD2965A5DF00E22F56 /* Core */,
				BA6794DC2965A5BE00E22F56 /* Extension */,
				BA6794DB2965A5AB00E22F56 /* Networking */,
				BA6794992965A4FF00E22F56 /* LitProtocolSwiftSDK.h */,
				BA67949A2965A4FF00E22F56 /* LitProtocolSwiftSDK.docc */,
			);
			path = LitProtocolSwiftSDK;
			sourceTree = "<group>";
		};
		BA6794A42965A4FF00E22F56 /* LitProtocolSwiftSDKTests */ = {
			isa = PBXGroup;
			children = (
				BA6794A52965A4FF00E22F56 /* LitProtocolSwiftSDKTests.swift */,
			);
			path = LitProtocolSwiftSDKTests;
			sourceTree = "<group>";
		};
		BA6794B52965A53100E22F56 /* Example */ = {
			isa = PBXGroup;
			children = (
				BA6794B62965A53100E22F56 /* AppDelegate.swift */,
				BA6794B82965A53100E22F56 /* SceneDelegate.swift */,
				BA6794BA2965A53100E22F56 /* ViewController.swift */,
				BA6794BC2965A53100E22F56 /* Main.storyboard */,
				BA6794BF2965A53300E22F56 /* Assets.xcassets */,
				BA6794C12965A53300E22F56 /* LaunchScreen.storyboard */,
				BA6794C42965A53300E22F56 /* Info.plist */,
			);
			path = Example;
			sourceTree = "<group>";
		};
		BA6794CE2965A57200E22F56 /* LitOAuthPKPSignUp */ = {
			isa = PBXGroup;
			children = (
				BA6794CF2965A57200E22F56 /* LitOAuthPKPSignUp.h */,
				BA6794D92965A58A00E22F56 /* LitClient.swift */,
			);
			path = LitOAuthPKPSignUp;
			sourceTree = "<group>";
		};
		BA6794DB2965A5AB00E22F56 /* Networking */ = {
			isa = PBXGroup;
			children = (
			);
			path = Networking;
			sourceTree = "<group>";
		};
		BA6794DC2965A5BE00E22F56 /* Extension */ = {
			isa = PBXGroup;
			children = (
			);
			path = Extension;
			sourceTree = "<group>";
		};
		BA6794DD2965A5DF00E22F56 /* Core */ = {
			isa = PBXGroup;
			children = (
				BA6794DE2965A5EB00E22F56 /* LitSwiftSDK.swift */,
			);
			path = Core;
			sourceTree = "<group>";
		};
		BA6794E22965AA1A00E22F56 /* Frameworks */ = {
			isa = PBXGroup;
			children = (
			);
			name = Frameworks;
			sourceTree = "<group>";
		};
/* End PBXGroup section */

/* Begin PBXHeadersBuildPhase section */
		BA6794912965A4FF00E22F56 /* Headers */ = {
			isa = PBXHeadersBuildPhase;
			buildActionMask = 2147483647;
			files = (
				BA6794A72965A4FF00E22F56 /* LitProtocolSwiftSDK.h in Headers */,
			);
			runOnlyForDeploymentPostprocessing = 0;
		};
		BA6794C82965A57100E22F56 /* Headers */ = {
			isa = PBXHeadersBuildPhase;
			buildActionMask = 2147483647;
			files = (
				BA6794D02965A57200E22F56 /* LitOAuthPKPSignUp.h in Headers */,
			);
			runOnlyForDeploymentPostprocessing = 0;
		};
/* End PBXHeadersBuildPhase section */

/* Begin PBXNativeTarget section */
		BA6794952965A4FF00E22F56 /* LitProtocolSwiftSDK */ = {
			isa = PBXNativeTarget;
			buildConfigurationList = BA6794AA2965A4FF00E22F56 /* Build configuration list for PBXNativeTarget "LitProtocolSwiftSDK" */;
			buildPhases = (
				BA6794912965A4FF00E22F56 /* Headers */,
				BA6794922965A4FF00E22F56 /* Sources */,
				BA6794932965A4FF00E22F56 /* Frameworks */,
				BA6794942965A4FF00E22F56 /* Resources */,
			);
			buildRules = (
			);
			dependencies = (
			);
			name = LitProtocolSwiftSDK;
			productName = LitProtocolSwiftSDK;
			productReference = BA6794962965A4FF00E22F56 /* LitProtocolSwiftSDK.framework */;
			productType = "com.apple.product-type.framework";
		};
		BA67949F2965A4FF00E22F56 /* LitProtocolSwiftSDKTests */ = {
			isa = PBXNativeTarget;
			buildConfigurationList = BA6794AD2965A4FF00E22F56 /* Build configuration list for PBXNativeTarget "LitProtocolSwiftSDKTests" */;
			buildPhases = (
				BA67949C2965A4FF00E22F56 /* Sources */,
				BA67949D2965A4FF00E22F56 /* Frameworks */,
				BA67949E2965A4FF00E22F56 /* Resources */,
			);
			buildRules = (
			);
			dependencies = (
				BA6794A32965A4FF00E22F56 /* PBXTargetDependency */,
			);
			name = LitProtocolSwiftSDKTests;
			productName = LitProtocolSwiftSDKTests;
			productReference = BA6794A02965A4FF00E22F56 /* LitProtocolSwiftSDKTests.xctest */;
			productType = "com.apple.product-type.bundle.unit-test";
		};
		BA6794B32965A53100E22F56 /* Example */ = {
			isa = PBXNativeTarget;
			buildConfigurationList = BA6794C52965A53300E22F56 /* Build configuration list for PBXNativeTarget "Example" */;
			buildPhases = (
				BA6794B02965A53100E22F56 /* Sources */,
				BA6794B12965A53100E22F56 /* Frameworks */,
				BA6794B22965A53100E22F56 /* Resources */,
				BA6794D82965A57200E22F56 /* Embed Frameworks */,
			);
			buildRules = (
			);
			dependencies = (
				BA6794D22965A57200E22F56 /* PBXTargetDependency */,
			);
			name = Example;
			packageProductDependencies = (
				BA6794E52965AD1600E22F56 /* GoogleSignIn */,
				BA6794E72965AD1600E22F56 /* GoogleSignInSwift */,
			);
			productName = Example;
			productReference = BA6794B42965A53100E22F56 /* Example.app */;
			productType = "com.apple.product-type.application";
		};
		BA6794CC2965A57100E22F56 /* LitOAuthPKPSignUp */ = {
			isa = PBXNativeTarget;
			buildConfigurationList = BA6794D52965A57200E22F56 /* Build configuration list for PBXNativeTarget "LitOAuthPKPSignUp" */;
			buildPhases = (
				BA6794C82965A57100E22F56 /* Headers */,
				BA6794C92965A57100E22F56 /* Sources */,
				BA6794CA2965A57100E22F56 /* Frameworks */,
				BA6794CB2965A57100E22F56 /* Resources */,
			);
			buildRules = (
			);
			dependencies = (
				BA6794EF2965B41D00E22F56 /* PBXTargetDependency */,
			);
			name = LitOAuthPKPSignUp;
			productName = LitOAuthPKPSignUp;
			productReference = BA6794CD2965A57100E22F56 /* LitOAuthPKPSignUp.framework */;
			productType = "com.apple.product-type.framework";
		};
/* End PBXNativeTarget section */

/* Begin PBXProject section */
		BA67948D2965A4FF00E22F56 /* Project object */ = {
			isa = PBXProject;
			attributes = {
				BuildIndependentTargetsInParallel = 1;
				LastSwiftUpdateCheck = 1410;
				LastUpgradeCheck = 1410;
				TargetAttributes = {
					BA6794952965A4FF00E22F56 = {
						CreatedOnToolsVersion = 14.1;
					};
					BA67949F2965A4FF00E22F56 = {
						CreatedOnToolsVersion = 14.1;
					};
					BA6794B32965A53100E22F56 = {
						CreatedOnToolsVersion = 14.1;
					};
					BA6794CC2965A57100E22F56 = {
						CreatedOnToolsVersion = 14.1;
						LastSwiftMigration = 1410;
					};
				};
			};
			buildConfigurationList = BA6794902965A4FF00E22F56 /* Build configuration list for PBXProject "LitProtocolSwiftSDK" */;
			compatibilityVersion = "Xcode 14.0";
			developmentRegion = en;
			hasScannedForEncodings = 0;
			knownRegions = (
				en,
				Base,
			);
			mainGroup = BA67948C2965A4FF00E22F56;
			packageReferences = (
				BA6794E42965AD1600E22F56 /* XCRemoteSwiftPackageReference "GoogleSignIn-iOS" */,
			);
			productRefGroup = BA6794972965A4FF00E22F56 /* Products */;
			projectDirPath = "";
			projectRoot = "";
			targets = (
				BA6794952965A4FF00E22F56 /* LitProtocolSwiftSDK */,
				BA67949F2965A4FF00E22F56 /* LitProtocolSwiftSDKTests */,
				BA6794B32965A53100E22F56 /* Example */,
				BA6794CC2965A57100E22F56 /* LitOAuthPKPSignUp */,
			);
		};
/* End PBXProject section */

/* Begin PBXResourcesBuildPhase section */
		BA6794942965A4FF00E22F56 /* Resources */ = {
			isa = PBXResourcesBuildPhase;
			buildActionMask = 2147483647;
			files = (
			);
			runOnlyForDeploymentPostprocessing = 0;
		};
		BA67949E2965A4FF00E22F56 /* Resources */ = {
			isa = PBXResourcesBuildPhase;
			buildActionMask = 2147483647;
			files = (
			);
			runOnlyForDeploymentPostprocessing = 0;
		};
		BA6794B22965A53100E22F56 /* Resources */ = {
			isa = PBXResourcesBuildPhase;
			buildActionMask = 2147483647;
			files = (
				BA6794C32965A53300E22F56 /* LaunchScreen.storyboard in Resources */,
				BA6794C02965A53300E22F56 /* Assets.xcassets in Resources */,
				BA6794BE2965A53100E22F56 /* Main.storyboard in Resources */,
			);
			runOnlyForDeploymentPostprocessing = 0;
		};
		BA6794CB2965A57100E22F56 /* Resources */ = {
			isa = PBXResourcesBuildPhase;
			buildActionMask = 2147483647;
			files = (
			);
			runOnlyForDeploymentPostprocessing = 0;
		};
/* End PBXResourcesBuildPhase section */

/* Begin PBXSourcesBuildPhase section */
		BA6794922965A4FF00E22F56 /* Sources */ = {
			isa = PBXSourcesBuildPhase;
			buildActionMask = 2147483647;
			files = (
				BA6794DF2965A5EB00E22F56 /* LitSwiftSDK.swift in Sources */,
				BA67949B2965A4FF00E22F56 /* LitProtocolSwiftSDK.docc in Sources */,
			);
			runOnlyForDeploymentPostprocessing = 0;
		};
		BA67949C2965A4FF00E22F56 /* Sources */ = {
			isa = PBXSourcesBuildPhase;
			buildActionMask = 2147483647;
			files = (
				BA6794A62965A4FF00E22F56 /* LitProtocolSwiftSDKTests.swift in Sources */,
			);
			runOnlyForDeploymentPostprocessing = 0;
		};
		BA6794B02965A53100E22F56 /* Sources */ = {
			isa = PBXSourcesBuildPhase;
			buildActionMask = 2147483647;
			files = (
				BA6794BB2965A53100E22F56 /* ViewController.swift in Sources */,
				BA6794B72965A53100E22F56 /* AppDelegate.swift in Sources */,
				BA6794B92965A53100E22F56 /* SceneDelegate.swift in Sources */,
			);
			runOnlyForDeploymentPostprocessing = 0;
		};
		BA6794C92965A57100E22F56 /* Sources */ = {
			isa = PBXSourcesBuildPhase;
			buildActionMask = 2147483647;
			files = (
				BA6794DA2965A58A00E22F56 /* LitClient.swift in Sources */,
			);
			runOnlyForDeploymentPostprocessing = 0;
		};
/* End PBXSourcesBuildPhase section */

/* Begin PBXTargetDependency section */
		BA6794A32965A4FF00E22F56 /* PBXTargetDependency */ = {
			isa = PBXTargetDependency;
			target = BA6794952965A4FF00E22F56 /* LitProtocolSwiftSDK */;
			targetProxy = BA6794A22965A4FF00E22F56 /* PBXContainerItemProxy */;
		};
		BA6794D22965A57200E22F56 /* PBXTargetDependency */ = {
			isa = PBXTargetDependency;
			target = BA6794CC2965A57100E22F56 /* LitOAuthPKPSignUp */;
			targetProxy = BA6794D12965A57200E22F56 /* PBXContainerItemProxy */;
		};
		BA6794EF2965B41D00E22F56 /* PBXTargetDependency */ = {
			isa = PBXTargetDependency;
			target = BA6794952965A4FF00E22F56 /* LitProtocolSwiftSDK */;
			targetProxy = BA6794EE2965B41D00E22F56 /* PBXContainerItemProxy */;
		};
/* End PBXTargetDependency section */

/* Begin PBXVariantGroup section */
		BA6794BC2965A53100E22F56 /* Main.storyboard */ = {
			isa = PBXVariantGroup;
			children = (
				BA6794BD2965A53100E22F56 /* Base */,
			);
			name = Main.storyboard;
			sourceTree = "<group>";
		};
		BA6794C12965A53300E22F56 /* LaunchScreen.storyboard */ = {
			isa = PBXVariantGroup;
			children = (
				BA6794C22965A53300E22F56 /* Base */,
			);
			name = LaunchScreen.storyboard;
			sourceTree = "<group>";
		};
/* End PBXVariantGroup section */

/* Begin XCBuildConfiguration section */
		BA6794A82965A4FF00E22F56 /* Debug */ = {
			isa = XCBuildConfiguration;
			buildSettings = {
				ALWAYS_SEARCH_USER_PATHS = NO;
				CLANG_ANALYZER_NONNULL = YES;
				CLANG_ANALYZER_NUMBER_OBJECT_CONVERSION = YES_AGGRESSIVE;
				CLANG_CXX_LANGUAGE_STANDARD = "gnu++20";
				CLANG_ENABLE_MODULES = YES;
				CLANG_ENABLE_OBJC_ARC = YES;
				CLANG_ENABLE_OBJC_WEAK = YES;
				CLANG_WARN_BLOCK_CAPTURE_AUTORELEASING = YES;
				CLANG_WARN_BOOL_CONVERSION = YES;
				CLANG_WARN_COMMA = YES;
				CLANG_WARN_CONSTANT_CONVERSION = YES;
				CLANG_WARN_DEPRECATED_OBJC_IMPLEMENTATIONS = YES;
				CLANG_WARN_DIRECT_OBJC_ISA_USAGE = YES_ERROR;
				CLANG_WARN_DOCUMENTATION_COMMENTS = YES;
				CLANG_WARN_EMPTY_BODY = YES;
				CLANG_WARN_ENUM_CONVERSION = YES;
				CLANG_WARN_INFINITE_RECURSION = YES;
				CLANG_WARN_INT_CONVERSION = YES;
				CLANG_WARN_NON_LITERAL_NULL_CONVERSION = YES;
				CLANG_WARN_OBJC_IMPLICIT_RETAIN_SELF = YES;
				CLANG_WARN_OBJC_LITERAL_CONVERSION = YES;
				CLANG_WARN_OBJC_ROOT_CLASS = YES_ERROR;
				CLANG_WARN_QUOTED_INCLUDE_IN_FRAMEWORK_HEADER = YES;
				CLANG_WARN_RANGE_LOOP_ANALYSIS = YES;
				CLANG_WARN_STRICT_PROTOTYPES = YES;
				CLANG_WARN_SUSPICIOUS_MOVE = YES;
				CLANG_WARN_UNGUARDED_AVAILABILITY = YES_AGGRESSIVE;
				CLANG_WARN_UNREACHABLE_CODE = YES;
				CLANG_WARN__DUPLICATE_METHOD_MATCH = YES;
				COPY_PHASE_STRIP = NO;
				CURRENT_PROJECT_VERSION = 1;
				DEBUG_INFORMATION_FORMAT = dwarf;
				ENABLE_STRICT_OBJC_MSGSEND = YES;
				ENABLE_TESTABILITY = YES;
				GCC_C_LANGUAGE_STANDARD = gnu11;
				GCC_DYNAMIC_NO_PIC = NO;
				GCC_NO_COMMON_BLOCKS = YES;
				GCC_OPTIMIZATION_LEVEL = 0;
				GCC_PREPROCESSOR_DEFINITIONS = (
					"DEBUG=1",
					"$(inherited)",
				);
				GCC_WARN_64_TO_32_BIT_CONVERSION = YES;
				GCC_WARN_ABOUT_RETURN_TYPE = YES_ERROR;
				GCC_WARN_UNDECLARED_SELECTOR = YES;
				GCC_WARN_UNINITIALIZED_AUTOS = YES_AGGRESSIVE;
				GCC_WARN_UNUSED_FUNCTION = YES;
				GCC_WARN_UNUSED_VARIABLE = YES;
				IPHONEOS_DEPLOYMENT_TARGET = 16.1;
				MTL_ENABLE_DEBUG_INFO = INCLUDE_SOURCE;
				MTL_FAST_MATH = YES;
				ONLY_ACTIVE_ARCH = YES;
				SDKROOT = iphoneos;
				SWIFT_ACTIVE_COMPILATION_CONDITIONS = DEBUG;
				SWIFT_OPTIMIZATION_LEVEL = "-Onone";
				VERSIONING_SYSTEM = "apple-generic";
				VERSION_INFO_PREFIX = "";
			};
			name = Debug;
		};
		BA6794A92965A4FF00E22F56 /* Release */ = {
			isa = XCBuildConfiguration;
			buildSettings = {
				ALWAYS_SEARCH_USER_PATHS = NO;
				CLANG_ANALYZER_NONNULL = YES;
				CLANG_ANALYZER_NUMBER_OBJECT_CONVERSION = YES_AGGRESSIVE;
				CLANG_CXX_LANGUAGE_STANDARD = "gnu++20";
				CLANG_ENABLE_MODULES = YES;
				CLANG_ENABLE_OBJC_ARC = YES;
				CLANG_ENABLE_OBJC_WEAK = YES;
				CLANG_WARN_BLOCK_CAPTURE_AUTORELEASING = YES;
				CLANG_WARN_BOOL_CONVERSION = YES;
				CLANG_WARN_COMMA = YES;
				CLANG_WARN_CONSTANT_CONVERSION = YES;
				CLANG_WARN_DEPRECATED_OBJC_IMPLEMENTATIONS = YES;
				CLANG_WARN_DIRECT_OBJC_ISA_USAGE = YES_ERROR;
				CLANG_WARN_DOCUMENTATION_COMMENTS = YES;
				CLANG_WARN_EMPTY_BODY = YES;
				CLANG_WARN_ENUM_CONVERSION = YES;
				CLANG_WARN_INFINITE_RECURSION = YES;
				CLANG_WARN_INT_CONVERSION = YES;
				CLANG_WARN_NON_LITERAL_NULL_CONVERSION = YES;
				CLANG_WARN_OBJC_IMPLICIT_RETAIN_SELF = YES;
				CLANG_WARN_OBJC_LITERAL_CONVERSION = YES;
				CLANG_WARN_OBJC_ROOT_CLASS = YES_ERROR;
				CLANG_WARN_QUOTED_INCLUDE_IN_FRAMEWORK_HEADER = YES;
				CLANG_WARN_RANGE_LOOP_ANALYSIS = YES;
				CLANG_WARN_STRICT_PROTOTYPES = YES;
				CLANG_WARN_SUSPICIOUS_MOVE = YES;
				CLANG_WARN_UNGUARDED_AVAILABILITY = YES_AGGRESSIVE;
				CLANG_WARN_UNREACHABLE_CODE = YES;
				CLANG_WARN__DUPLICATE_METHOD_MATCH = YES;
				COPY_PHASE_STRIP = NO;
				CURRENT_PROJECT_VERSION = 1;
				DEBUG_INFORMATION_FORMAT = "dwarf-with-dsym";
				ENABLE_NS_ASSERTIONS = NO;
				ENABLE_STRICT_OBJC_MSGSEND = YES;
				GCC_C_LANGUAGE_STANDARD = gnu11;
				GCC_NO_COMMON_BLOCKS = YES;
				GCC_WARN_64_TO_32_BIT_CONVERSION = YES;
				GCC_WARN_ABOUT_RETURN_TYPE = YES_ERROR;
				GCC_WARN_UNDECLARED_SELECTOR = YES;
				GCC_WARN_UNINITIALIZED_AUTOS = YES_AGGRESSIVE;
				GCC_WARN_UNUSED_FUNCTION = YES;
				GCC_WARN_UNUSED_VARIABLE = YES;
				IPHONEOS_DEPLOYMENT_TARGET = 16.1;
				MTL_ENABLE_DEBUG_INFO = NO;
				MTL_FAST_MATH = YES;
				SDKROOT = iphoneos;
				SWIFT_COMPILATION_MODE = wholemodule;
				SWIFT_OPTIMIZATION_LEVEL = "-O";
				VALIDATE_PRODUCT = YES;
				VERSIONING_SYSTEM = "apple-generic";
				VERSION_INFO_PREFIX = "";
			};
			name = Release;
		};
		BA6794AB2965A4FF00E22F56 /* Debug */ = {
			isa = XCBuildConfiguration;
			buildSettings = {
				CODE_SIGN_STYLE = Automatic;
				CURRENT_PROJECT_VERSION = 1;
				DEFINES_MODULE = YES;
				DEVELOPMENT_TEAM = QDP6DP54AJ;
				DYLIB_COMPATIBILITY_VERSION = 1;
				DYLIB_CURRENT_VERSION = 1;
				DYLIB_INSTALL_NAME_BASE = "@rpath";
				GENERATE_INFOPLIST_FILE = YES;
				INFOPLIST_KEY_NSHumanReadableCopyright = "";
				INSTALL_PATH = "$(LOCAL_LIBRARY_DIR)/Frameworks";
				IPHONEOS_DEPLOYMENT_TARGET = 13.0;
				LD_RUNPATH_SEARCH_PATHS = (
					"$(inherited)",
					"@executable_path/Frameworks",
					"@loader_path/Frameworks",
				);
				MARKETING_VERSION = 1.0;
				PRODUCT_BUNDLE_IDENTIFIER = com.leven.LitSwift.LitProtocolSwiftSDK;
				PRODUCT_NAME = "$(TARGET_NAME:c99extidentifier)";
				SKIP_INSTALL = YES;
				SWIFT_EMIT_LOC_STRINGS = YES;
				SWIFT_VERSION = 5.0;
				TARGETED_DEVICE_FAMILY = "1,2";
			};
			name = Debug;
		};
		BA6794AC2965A4FF00E22F56 /* Release */ = {
			isa = XCBuildConfiguration;
			buildSettings = {
				CODE_SIGN_STYLE = Automatic;
				CURRENT_PROJECT_VERSION = 1;
				DEFINES_MODULE = YES;
				DEVELOPMENT_TEAM = QDP6DP54AJ;
				DYLIB_COMPATIBILITY_VERSION = 1;
				DYLIB_CURRENT_VERSION = 1;
				DYLIB_INSTALL_NAME_BASE = "@rpath";
				GENERATE_INFOPLIST_FILE = YES;
				INFOPLIST_KEY_NSHumanReadableCopyright = "";
				INSTALL_PATH = "$(LOCAL_LIBRARY_DIR)/Frameworks";
				IPHONEOS_DEPLOYMENT_TARGET = 13.0;
				LD_RUNPATH_SEARCH_PATHS = (
					"$(inherited)",
					"@executable_path/Frameworks",
					"@loader_path/Frameworks",
				);
				MARKETING_VERSION = 1.0;
				PRODUCT_BUNDLE_IDENTIFIER = com.leven.LitSwift.LitProtocolSwiftSDK;
				PRODUCT_NAME = "$(TARGET_NAME:c99extidentifier)";
				SKIP_INSTALL = YES;
				SWIFT_EMIT_LOC_STRINGS = YES;
				SWIFT_VERSION = 5.0;
				TARGETED_DEVICE_FAMILY = "1,2";
			};
			name = Release;
		};
		BA6794AE2965A4FF00E22F56 /* Debug */ = {
			isa = XCBuildConfiguration;
			buildSettings = {
				ALWAYS_EMBED_SWIFT_STANDARD_LIBRARIES = YES;
				CODE_SIGN_STYLE = Automatic;
				CURRENT_PROJECT_VERSION = 1;
				DEVELOPMENT_TEAM = QDP6DP54AJ;
				GENERATE_INFOPLIST_FILE = YES;
				IPHONEOS_DEPLOYMENT_TARGET = 13.0;
				MARKETING_VERSION = 1.0;
				PRODUCT_BUNDLE_IDENTIFIER = com.leven.LitSwift.LitProtocolSwiftSDKTests;
				PRODUCT_NAME = "$(TARGET_NAME)";
				SWIFT_EMIT_LOC_STRINGS = NO;
				SWIFT_VERSION = 5.0;
				TARGETED_DEVICE_FAMILY = "1,2";
			};
			name = Debug;
		};
		BA6794AF2965A4FF00E22F56 /* Release */ = {
			isa = XCBuildConfiguration;
			buildSettings = {
				ALWAYS_EMBED_SWIFT_STANDARD_LIBRARIES = YES;
				CODE_SIGN_STYLE = Automatic;
				CURRENT_PROJECT_VERSION = 1;
				DEVELOPMENT_TEAM = QDP6DP54AJ;
				GENERATE_INFOPLIST_FILE = YES;
				IPHONEOS_DEPLOYMENT_TARGET = 13.0;
				MARKETING_VERSION = 1.0;
				PRODUCT_BUNDLE_IDENTIFIER = com.leven.LitSwift.LitProtocolSwiftSDKTests;
				PRODUCT_NAME = "$(TARGET_NAME)";
				SWIFT_EMIT_LOC_STRINGS = NO;
				SWIFT_VERSION = 5.0;
				TARGETED_DEVICE_FAMILY = "1,2";
			};
			name = Release;
		};
		BA6794C62965A53300E22F56 /* Debug */ = {
			isa = XCBuildConfiguration;
			buildSettings = {
				ALWAYS_EMBED_SWIFT_STANDARD_LIBRARIES = YES;
				ASSETCATALOG_COMPILER_APPICON_NAME = AppIcon;
				ASSETCATALOG_COMPILER_GLOBAL_ACCENT_COLOR_NAME = AccentColor;
				CODE_SIGN_STYLE = Automatic;
				CURRENT_PROJECT_VERSION = 1;
				DEVELOPMENT_TEAM = QDP6DP54AJ;
				GENERATE_INFOPLIST_FILE = YES;
				INFOPLIST_FILE = Example/Info.plist;
				INFOPLIST_KEY_UIApplicationSupportsIndirectInputEvents = YES;
				INFOPLIST_KEY_UILaunchStoryboardName = LaunchScreen;
				INFOPLIST_KEY_UIMainStoryboardFile = Main;
				INFOPLIST_KEY_UISupportedInterfaceOrientations_iPad = "UIInterfaceOrientationPortrait UIInterfaceOrientationPortraitUpsideDown UIInterfaceOrientationLandscapeLeft UIInterfaceOrientationLandscapeRight";
				INFOPLIST_KEY_UISupportedInterfaceOrientations_iPhone = "UIInterfaceOrientationPortrait UIInterfaceOrientationLandscapeLeft UIInterfaceOrientationLandscapeRight";
				LD_RUNPATH_SEARCH_PATHS = (
					"$(inherited)",
					"@executable_path/Frameworks",
				);
				MARKETING_VERSION = 1.0;
				PRODUCT_BUNDLE_IDENTIFIER = com.leven.AuthPKPExample;
				PRODUCT_NAME = "$(TARGET_NAME)";
				SWIFT_EMIT_LOC_STRINGS = YES;
				SWIFT_VERSION = 5.0;
				TARGETED_DEVICE_FAMILY = "1,2";
			};
			name = Debug;
		};
		BA6794C72965A53300E22F56 /* Release */ = {
			isa = XCBuildConfiguration;
			buildSettings = {
				ALWAYS_EMBED_SWIFT_STANDARD_LIBRARIES = YES;
				ASSETCATALOG_COMPILER_APPICON_NAME = AppIcon;
				ASSETCATALOG_COMPILER_GLOBAL_ACCENT_COLOR_NAME = AccentColor;
				CODE_SIGN_STYLE = Automatic;
				CURRENT_PROJECT_VERSION = 1;
				DEVELOPMENT_TEAM = QDP6DP54AJ;
				GENERATE_INFOPLIST_FILE = YES;
				INFOPLIST_FILE = Example/Info.plist;
				INFOPLIST_KEY_UIApplicationSupportsIndirectInputEvents = YES;
				INFOPLIST_KEY_UILaunchStoryboardName = LaunchScreen;
				INFOPLIST_KEY_UIMainStoryboardFile = Main;
				INFOPLIST_KEY_UISupportedInterfaceOrientations_iPad = "UIInterfaceOrientationPortrait UIInterfaceOrientationPortraitUpsideDown UIInterfaceOrientationLandscapeLeft UIInterfaceOrientationLandscapeRight";
				INFOPLIST_KEY_UISupportedInterfaceOrientations_iPhone = "UIInterfaceOrientationPortrait UIInterfaceOrientationLandscapeLeft UIInterfaceOrientationLandscapeRight";
				LD_RUNPATH_SEARCH_PATHS = (
					"$(inherited)",
					"@executable_path/Frameworks",
				);
				MARKETING_VERSION = 1.0;
				PRODUCT_BUNDLE_IDENTIFIER = com.leven.AuthPKPExample;
				PRODUCT_NAME = "$(TARGET_NAME)";
				SWIFT_EMIT_LOC_STRINGS = YES;
				SWIFT_VERSION = 5.0;
				TARGETED_DEVICE_FAMILY = "1,2";
			};
			name = Release;
		};
		BA6794D62965A57200E22F56 /* Debug */ = {
			isa = XCBuildConfiguration;
			buildSettings = {
				CLANG_ENABLE_MODULES = YES;
				CODE_SIGN_STYLE = Automatic;
				CURRENT_PROJECT_VERSION = 1;
				DEFINES_MODULE = YES;
				DEVELOPMENT_TEAM = QDP6DP54AJ;
				DYLIB_COMPATIBILITY_VERSION = 1;
				DYLIB_CURRENT_VERSION = 1;
				DYLIB_INSTALL_NAME_BASE = "@rpath";
				GENERATE_INFOPLIST_FILE = YES;
				INFOPLIST_KEY_NSHumanReadableCopyright = "";
				INSTALL_PATH = "$(LOCAL_LIBRARY_DIR)/Frameworks";
				IPHONEOS_DEPLOYMENT_TARGET = 13.0;
				LD_RUNPATH_SEARCH_PATHS = (
					"$(inherited)",
					"@executable_path/Frameworks",
					"@loader_path/Frameworks",
				);
				MARKETING_VERSION = 1.0;
				PRODUCT_BUNDLE_IDENTIFIER = com.leven.AuthPKP.LitOAuthPKPSignUp;
				PRODUCT_NAME = "$(TARGET_NAME:c99extidentifier)";
				SKIP_INSTALL = YES;
				SWIFT_EMIT_LOC_STRINGS = YES;
				SWIFT_OPTIMIZATION_LEVEL = "-Onone";
				SWIFT_VERSION = 5.0;
				TARGETED_DEVICE_FAMILY = "1,2";
			};
			name = Debug;
		};
		BA6794D72965A57200E22F56 /* Release */ = {
			isa = XCBuildConfiguration;
			buildSettings = {
				CLANG_ENABLE_MODULES = YES;
				CODE_SIGN_STYLE = Automatic;
				CURRENT_PROJECT_VERSION = 1;
				DEFINES_MODULE = YES;
				DEVELOPMENT_TEAM = QDP6DP54AJ;
				DYLIB_COMPATIBILITY_VERSION = 1;
				DYLIB_CURRENT_VERSION = 1;
				DYLIB_INSTALL_NAME_BASE = "@rpath";
				GENERATE_INFOPLIST_FILE = YES;
				INFOPLIST_KEY_NSHumanReadableCopyright = "";
				INSTALL_PATH = "$(LOCAL_LIBRARY_DIR)/Frameworks";
				IPHONEOS_DEPLOYMENT_TARGET = 13.0;
				LD_RUNPATH_SEARCH_PATHS = (
					"$(inherited)",
					"@executable_path/Frameworks",
					"@loader_path/Frameworks",
				);
				MARKETING_VERSION = 1.0;
				PRODUCT_BUNDLE_IDENTIFIER = com.leven.AuthPKP.LitOAuthPKPSignUp;
				PRODUCT_NAME = "$(TARGET_NAME:c99extidentifier)";
				SKIP_INSTALL = YES;
				SWIFT_EMIT_LOC_STRINGS = YES;
				SWIFT_VERSION = 5.0;
				TARGETED_DEVICE_FAMILY = "1,2";
			};
			name = Release;
		};
/* End XCBuildConfiguration section */

/* Begin XCConfigurationList section */
		BA6794902965A4FF00E22F56 /* Build configuration list for PBXProject "LitProtocolSwiftSDK" */ = {
			isa = XCConfigurationList;
			buildConfigurations = (
				BA6794A82965A4FF00E22F56 /* Debug */,
				BA6794A92965A4FF00E22F56 /* Release */,
			);
			defaultConfigurationIsVisible = 0;
			defaultConfigurationName = Release;
		};
		BA6794AA2965A4FF00E22F56 /* Build configuration list for PBXNativeTarget "LitProtocolSwiftSDK" */ = {
			isa = XCConfigurationList;
			buildConfigurations = (
				BA6794AB2965A4FF00E22F56 /* Debug */,
				BA6794AC2965A4FF00E22F56 /* Release */,
			);
			defaultConfigurationIsVisible = 0;
			defaultConfigurationName = Release;
		};
		BA6794AD2965A4FF00E22F56 /* Build configuration list for PBXNativeTarget "LitProtocolSwiftSDKTests" */ = {
			isa = XCConfigurationList;
			buildConfigurations = (
				BA6794AE2965A4FF00E22F56 /* Debug */,
				BA6794AF2965A4FF00E22F56 /* Release */,
			);
			defaultConfigurationIsVisible = 0;
			defaultConfigurationName = Release;
		};
		BA6794C52965A53300E22F56 /* Build configuration list for PBXNativeTarget "Example" */ = {
			isa = XCConfigurationList;
			buildConfigurations = (
				BA6794C62965A53300E22F56 /* Debug */,
				BA6794C72965A53300E22F56 /* Release */,
			);
			defaultConfigurationIsVisible = 0;
			defaultConfigurationName = Release;
		};
		BA6794D52965A57200E22F56 /* Build configuration list for PBXNativeTarget "LitOAuthPKPSignUp" */ = {
			isa = XCConfigurationList;
			buildConfigurations = (
				BA6794D62965A57200E22F56 /* Debug */,
				BA6794D72965A57200E22F56 /* Release */,
			);
			defaultConfigurationIsVisible = 0;
			defaultConfigurationName = Release;
		};
/* End XCConfigurationList section */

/* Begin XCRemoteSwiftPackageReference section */
		BA6794E42965AD1600E22F56 /* XCRemoteSwiftPackageReference "GoogleSignIn-iOS" */ = {
			isa = XCRemoteSwiftPackageReference;
			repositoryURL = "https://github.com/google/GoogleSignIn-iOS.git";
			requirement = {
				kind = upToNextMajorVersion;
				minimumVersion = 7.0.0;
			};
		};
/* End XCRemoteSwiftPackageReference section */

/* Begin XCSwiftPackageProductDependency section */
		BA6794E52965AD1600E22F56 /* GoogleSignIn */ = {
			isa = XCSwiftPackageProductDependency;
			package = BA6794E42965AD1600E22F56 /* XCRemoteSwiftPackageReference "GoogleSignIn-iOS" */;
			productName = GoogleSignIn;
		};
		BA6794E72965AD1600E22F56 /* GoogleSignInSwift */ = {
			isa = XCSwiftPackageProductDependency;
			package = BA6794E42965AD1600E22F56 /* XCRemoteSwiftPackageReference "GoogleSignIn-iOS" */;
			productName = GoogleSignInSwift;
		};
/* End XCSwiftPackageProductDependency section */
	};
	rootObject = BA67948D2965A4FF00E22F56 /* Project object */;
}
