// !$*UTF8*$!
{
	archiveVersion = 1;
	classes = {
	};
	objectVersion = 55;
	objects = {

/* Begin PBXBuildFile section */
		00DDCD02BBD2035034A54B1C /* Pods_LitProtocolSwiftSDK_LitProtocolSwiftSDKTests.framework in Frameworks */ = {isa = PBXBuildFile; fileRef = EAB8C54B66FE2054C918C788 /* Pods_LitProtocolSwiftSDK_LitProtocolSwiftSDKTests.framework */; };
		1995686182DADCB9FB6369FD /* Pods_LitOAuthPKPSignUp.framework in Frameworks */ = {isa = PBXBuildFile; fileRef = 9B0929B9057D700DF220DC29 /* Pods_LitOAuthPKPSignUp.framework */; };
		BA03CA8C298156C6002E892B /* Libecdsa_swift.h in Headers */ = {isa = PBXBuildFile; fileRef = BA03CA8B298156C6002E892B /* Libecdsa_swift.h */; settings = {ATTRIBUTES = (Public, ); }; };
		BA03CA8F298156C6002E892B /* Libecdsa_swift.framework in Frameworks */ = {isa = PBXBuildFile; fileRef = BA03CA89298156C6002E892B /* Libecdsa_swift.framework */; };
		BA03CA90298156C6002E892B /* Libecdsa_swift.framework in Embed Frameworks */ = {isa = PBXBuildFile; fileRef = BA03CA89298156C6002E892B /* Libecdsa_swift.framework */; settings = {ATTRIBUTES = (CodeSignOnCopy, RemoveHeadersOnCopy, ); }; };
		BA03CA952981571F002E892B /* lecdsa.a in Frameworks */ = {isa = PBXBuildFile; fileRef = BA03CA942981571F002E892B /* lecdsa.a */; settings = {ATTRIBUTES = (Required, ); }; };
		BA211D1229715A7700C7BB26 /* NodeClientConfig.swift in Sources */ = {isa = PBXBuildFile; fileRef = BA211D1129715A7700C7BB26 /* NodeClientConfig.swift */; };
		BA211D1429715F2900C7BB26 /* NodeResponse.swift in Sources */ = {isa = PBXBuildFile; fileRef = BA211D1329715F2900C7BB26 /* NodeResponse.swift */; };
		BA211D162971630F00C7BB26 /* Network.swift in Sources */ = {isa = PBXBuildFile; fileRef = BA211D152971630F00C7BB26 /* Network.swift */; };
		BA211D18297167AD00C7BB26 /* LitSwiftSDK.swift in Sources */ = {isa = PBXBuildFile; fileRef = BA211D17297167AD00C7BB26 /* LitSwiftSDK.swift */; };
		BA211D1B297176BA00C7BB26 /* Extensions.swift in Sources */ = {isa = PBXBuildFile; fileRef = BA211D1A297176BA00C7BB26 /* Extensions.swift */; };
		BA211D1D29717AF900C7BB26 /* Error.swift in Sources */ = {isa = PBXBuildFile; fileRef = BA211D1C29717AF900C7BB26 /* Error.swift */; };
		BA211D1F297181F400C7BB26 /* SessionSigs.swift in Sources */ = {isa = PBXBuildFile; fileRef = BA211D1E297181F400C7BB26 /* SessionSigs.swift */; };
		BA211D212972910B00C7BB26 /* Constants.swift in Sources */ = {isa = PBXBuildFile; fileRef = BA211D202972910B00C7BB26 /* Constants.swift */; };
		BA67949B2965A4FF00E22F56 /* LitProtocolSwiftSDK.docc in Sources */ = {isa = PBXBuildFile; fileRef = BA67949A2965A4FF00E22F56 /* LitProtocolSwiftSDK.docc */; };
		BA6794A12965A4FF00E22F56 /* LitProtocolSwiftSDK.framework in Frameworks */ = {isa = PBXBuildFile; fileRef = BA6794962965A4FF00E22F56 /* LitProtocolSwiftSDK.framework */; };
		BA6794A62965A4FF00E22F56 /* LitProtocolSwiftSDKTests.swift in Sources */ = {isa = PBXBuildFile; fileRef = BA6794A52965A4FF00E22F56 /* LitProtocolSwiftSDKTests.swift */; };
		BA6794A72965A4FF00E22F56 /* LitProtocolSwiftSDK.h in Headers */ = {isa = PBXBuildFile; fileRef = BA6794992965A4FF00E22F56 /* LitProtocolSwiftSDK.h */; settings = {ATTRIBUTES = (Public, ); }; };
		BA6794B72965A53100E22F56 /* AppDelegate.swift in Sources */ = {isa = PBXBuildFile; fileRef = BA6794B62965A53100E22F56 /* AppDelegate.swift */; };
		BA6794BE2965A53100E22F56 /* Main.storyboard in Resources */ = {isa = PBXBuildFile; fileRef = BA6794BC2965A53100E22F56 /* Main.storyboard */; };
		BA6794C02965A53300E22F56 /* Assets.xcassets in Resources */ = {isa = PBXBuildFile; fileRef = BA6794BF2965A53300E22F56 /* Assets.xcassets */; };
		BA6794C32965A53300E22F56 /* LaunchScreen.storyboard in Resources */ = {isa = PBXBuildFile; fileRef = BA6794C12965A53300E22F56 /* LaunchScreen.storyboard */; };
		BA6794D02965A57200E22F56 /* LitOAuthPKPSignUp.h in Headers */ = {isa = PBXBuildFile; fileRef = BA6794CF2965A57200E22F56 /* LitOAuthPKPSignUp.h */; settings = {ATTRIBUTES = (Public, ); }; };
		BA6794D32965A57200E22F56 /* LitOAuthPKPSignUp.framework in Frameworks */ = {isa = PBXBuildFile; fileRef = BA6794CD2965A57100E22F56 /* LitOAuthPKPSignUp.framework */; };
		BA6794D42965A57200E22F56 /* LitOAuthPKPSignUp.framework in Embed Frameworks */ = {isa = PBXBuildFile; fileRef = BA6794CD2965A57100E22F56 /* LitOAuthPKPSignUp.framework */; settings = {ATTRIBUTES = (CodeSignOnCopy, RemoveHeadersOnCopy, ); }; };
		BA6794DA2965A58A00E22F56 /* LitOAuthClient.swift in Sources */ = {isa = PBXBuildFile; fileRef = BA6794D92965A58A00E22F56 /* LitOAuthClient.swift */; };
		BA6794DF2965A5EB00E22F56 /* LitClient.swift in Sources */ = {isa = PBXBuildFile; fileRef = BA6794DE2965A5EB00E22F56 /* LitClient.swift */; };
		BA6794F32965BE3F00E22F56 /* LitProtocolSwiftSDK.framework in Frameworks */ = {isa = PBXBuildFile; fileRef = BA6794962965A4FF00E22F56 /* LitProtocolSwiftSDK.framework */; };
		BA8FD5742965BE9E008F687C /* LitProtocolSwiftSDK.framework in Embed Frameworks */ = {isa = PBXBuildFile; fileRef = BA6794962965A4FF00E22F56 /* LitProtocolSwiftSDK.framework */; settings = {ATTRIBUTES = (CodeSignOnCopy, RemoveHeadersOnCopy, ); }; };
		BA8FD5762966DF17008F687C /* SplashViewController.swift in Sources */ = {isa = PBXBuildFile; fileRef = BA8FD5752966DF17008F687C /* SplashViewController.swift */; };
		BA8FD5782966DFBB008F687C /* logo_gif.gif in Resources */ = {isa = PBXBuildFile; fileRef = BA8FD5772966DFBB008F687C /* logo_gif.gif */; };
		BA9795DD29815BCB0054EE17 /* Libecdsa_swift.framework in Frameworks */ = {isa = PBXBuildFile; fileRef = BA03CA89298156C6002E892B /* Libecdsa_swift.framework */; };
		BA9795DE29815BCB0054EE17 /* Libecdsa_swift.framework in Embed Frameworks */ = {isa = PBXBuildFile; fileRef = BA03CA89298156C6002E892B /* Libecdsa_swift.framework */; settings = {ATTRIBUTES = (CodeSignOnCopy, RemoveHeadersOnCopy, ); }; };
		BA9795E52981639D0054EE17 /* libecdsa.h in Headers */ = {isa = PBXBuildFile; fileRef = BA03CA8229815469002E892B /* libecdsa.h */; settings = {ATTRIBUTES = (Private, ); }; };
		BA9795E7298166F00054EE17 /* Libecdsa.swift in Sources */ = {isa = PBXBuildFile; fileRef = BA9795E6298166F00054EE17 /* Libecdsa.swift */; };
		BAE9B298296BCF0400579413 /* SignInViewController.swift in Sources */ = {isa = PBXBuildFile; fileRef = BAE9B297296BCF0400579413 /* SignInViewController.swift */; };
		BAE9B29A296BD30400579413 /* Constants.swift in Sources */ = {isa = PBXBuildFile; fileRef = BAE9B299296BD30400579413 /* Constants.swift */; };
		BAE9B29C296BD49E00579413 /* MintingPKPViewController.swift in Sources */ = {isa = PBXBuildFile; fileRef = BAE9B29B296BD49E00579413 /* MintingPKPViewController.swift */; };
		BAE9B29E296BE1CB00579413 /* WalletViewController.swift in Sources */ = {isa = PBXBuildFile; fileRef = BAE9B29D296BE1CB00579413 /* WalletViewController.swift */; };
		CADBD86FAB7152BFE418B863 /* Pods_Example.framework in Frameworks */ = {isa = PBXBuildFile; fileRef = B55047A4043F07C8C0AC8E19 /* Pods_Example.framework */; };
		DF6629C1104D358C85BF77F7 /* Pods_LitProtocolSwiftSDK.framework in Frameworks */ = {isa = PBXBuildFile; fileRef = 476A90558571F47A9EB2C195 /* Pods_LitProtocolSwiftSDK.framework */; };
/* End PBXBuildFile section */

/* Begin PBXContainerItemProxy section */
		BA03CA8D298156C6002E892B /* PBXContainerItemProxy */ = {
			isa = PBXContainerItemProxy;
			containerPortal = BA67948D2965A4FF00E22F56 /* Project object */;
			proxyType = 1;
			remoteGlobalIDString = BA03CA88298156C6002E892B;
			remoteInfo = Libecdsa_swift;
		};
		BA6794A22965A4FF00E22F56 /* PBXContainerItemProxy */ = {
			isa = PBXContainerItemProxy;
			containerPortal = BA67948D2965A4FF00E22F56 /* Project object */;
			proxyType = 1;
			remoteGlobalIDString = BA6794952965A4FF00E22F56;
			remoteInfo = LitProtocolSwiftSDK;
		};
		BA6794D12965A57200E22F56 /* PBXContainerItemProxy */ = {
			isa = PBXContainerItemProxy;
			containerPortal = BA67948D2965A4FF00E22F56 /* Project object */;
			proxyType = 1;
			remoteGlobalIDString = BA6794CC2965A57100E22F56;
			remoteInfo = LitOAuthPKPSignUp;
		};
		BA6794EE2965B41D00E22F56 /* PBXContainerItemProxy */ = {
			isa = PBXContainerItemProxy;
			containerPortal = BA67948D2965A4FF00E22F56 /* Project object */;
			proxyType = 1;
			remoteGlobalIDString = BA6794952965A4FF00E22F56;
			remoteInfo = LitProtocolSwiftSDK;
		};
		BA9795DF29815BCB0054EE17 /* PBXContainerItemProxy */ = {
			isa = PBXContainerItemProxy;
			containerPortal = BA67948D2965A4FF00E22F56 /* Project object */;
			proxyType = 1;
			remoteGlobalIDString = BA03CA88298156C6002E892B;
			remoteInfo = Libecdsa_swift;
		};
/* End PBXContainerItemProxy section */

/* Begin PBXCopyFilesBuildPhase section */
		BA6794D82965A57200E22F56 /* Embed Frameworks */ = {
			isa = PBXCopyFilesBuildPhase;
			buildActionMask = 2147483647;
			dstPath = "";
			dstSubfolderSpec = 10;
			files = (
				BA03CA90298156C6002E892B /* Libecdsa_swift.framework in Embed Frameworks */,
				BA8FD5742965BE9E008F687C /* LitProtocolSwiftSDK.framework in Embed Frameworks */,
				BA6794D42965A57200E22F56 /* LitOAuthPKPSignUp.framework in Embed Frameworks */,
			);
			name = "Embed Frameworks";
			runOnlyForDeploymentPostprocessing = 0;
		};
		BA9795E129815BCB0054EE17 /* Embed Frameworks */ = {
			isa = PBXCopyFilesBuildPhase;
			buildActionMask = 2147483647;
			dstPath = "";
			dstSubfolderSpec = 10;
			files = (
				BA9795DE29815BCB0054EE17 /* Libecdsa_swift.framework in Embed Frameworks */,
			);
			name = "Embed Frameworks";
			runOnlyForDeploymentPostprocessing = 0;
		};
/* End PBXCopyFilesBuildPhase section */

/* Begin PBXFileReference section */
		451BFB0A858003FA217C22E2 /* Pods-LitProtocolSwiftSDK-LitProtocolSwiftSDKTests.debug.xcconfig */ = {isa = PBXFileReference; includeInIndex = 1; lastKnownFileType = text.xcconfig; name = "Pods-LitProtocolSwiftSDK-LitProtocolSwiftSDKTests.debug.xcconfig"; path = "Target Support Files/Pods-LitProtocolSwiftSDK-LitProtocolSwiftSDKTests/Pods-LitProtocolSwiftSDK-LitProtocolSwiftSDKTests.debug.xcconfig"; sourceTree = "<group>"; };
		476A90558571F47A9EB2C195 /* Pods_LitProtocolSwiftSDK.framework */ = {isa = PBXFileReference; explicitFileType = wrapper.framework; includeInIndex = 0; path = Pods_LitProtocolSwiftSDK.framework; sourceTree = BUILT_PRODUCTS_DIR; };
		4EF0D9DCF831A3A50E86907D /* Pods-LitOAuthPKPSignUp.debug.xcconfig */ = {isa = PBXFileReference; includeInIndex = 1; lastKnownFileType = text.xcconfig; name = "Pods-LitOAuthPKPSignUp.debug.xcconfig"; path = "Target Support Files/Pods-LitOAuthPKPSignUp/Pods-LitOAuthPKPSignUp.debug.xcconfig"; sourceTree = "<group>"; };
		572CB0DF2E24765C624D3F9C /* Pods-Example.debug.xcconfig */ = {isa = PBXFileReference; includeInIndex = 1; lastKnownFileType = text.xcconfig; name = "Pods-Example.debug.xcconfig"; path = "Target Support Files/Pods-Example/Pods-Example.debug.xcconfig"; sourceTree = "<group>"; };
		5F8D3E374F4693F1EA6F478D /* Pods-LitProtocolSwiftSDK.release.xcconfig */ = {isa = PBXFileReference; includeInIndex = 1; lastKnownFileType = text.xcconfig; name = "Pods-LitProtocolSwiftSDK.release.xcconfig"; path = "Target Support Files/Pods-LitProtocolSwiftSDK/Pods-LitProtocolSwiftSDK.release.xcconfig"; sourceTree = "<group>"; };
		92C5D63BF6B3F4EB9D0AB53E /* Pods-LitOAuthPKPSignUp.release.xcconfig */ = {isa = PBXFileReference; includeInIndex = 1; lastKnownFileType = text.xcconfig; name = "Pods-LitOAuthPKPSignUp.release.xcconfig"; path = "Target Support Files/Pods-LitOAuthPKPSignUp/Pods-LitOAuthPKPSignUp.release.xcconfig"; sourceTree = "<group>"; };
		9B0929B9057D700DF220DC29 /* Pods_LitOAuthPKPSignUp.framework */ = {isa = PBXFileReference; explicitFileType = wrapper.framework; includeInIndex = 0; path = Pods_LitOAuthPKPSignUp.framework; sourceTree = BUILT_PRODUCTS_DIR; };
		A45FEF5D9E4EC0F97B5076FB /* Pods-Example.release.xcconfig */ = {isa = PBXFileReference; includeInIndex = 1; lastKnownFileType = text.xcconfig; name = "Pods-Example.release.xcconfig"; path = "Target Support Files/Pods-Example/Pods-Example.release.xcconfig"; sourceTree = "<group>"; };
		B55047A4043F07C8C0AC8E19 /* Pods_Example.framework */ = {isa = PBXFileReference; explicitFileType = wrapper.framework; includeInIndex = 0; path = Pods_Example.framework; sourceTree = BUILT_PRODUCTS_DIR; };
		BA03CA8229815469002E892B /* libecdsa.h */ = {isa = PBXFileReference; fileEncoding = 4; lastKnownFileType = sourcecode.c.h; path = libecdsa.h; sourceTree = "<group>"; };
		BA03CA89298156C6002E892B /* Libecdsa_swift.framework */ = {isa = PBXFileReference; explicitFileType = wrapper.framework; includeInIndex = 0; path = Libecdsa_swift.framework; sourceTree = BUILT_PRODUCTS_DIR; };
		BA03CA8B298156C6002E892B /* Libecdsa_swift.h */ = {isa = PBXFileReference; lastKnownFileType = sourcecode.c.h; path = Libecdsa_swift.h; sourceTree = "<group>"; };
		BA03CA942981571F002E892B /* lecdsa.a */ = {isa = PBXFileReference; lastKnownFileType = archive.ar; path = lecdsa.a; sourceTree = "<group>"; };
		BA211D1129715A7700C7BB26 /* NodeClientConfig.swift */ = {isa = PBXFileReference; lastKnownFileType = sourcecode.swift; path = NodeClientConfig.swift; sourceTree = "<group>"; };
		BA211D1329715F2900C7BB26 /* NodeResponse.swift */ = {isa = PBXFileReference; lastKnownFileType = sourcecode.swift; path = NodeResponse.swift; sourceTree = "<group>"; };
		BA211D152971630F00C7BB26 /* Network.swift */ = {isa = PBXFileReference; lastKnownFileType = sourcecode.swift; path = Network.swift; sourceTree = "<group>"; };
		BA211D17297167AD00C7BB26 /* LitSwiftSDK.swift */ = {isa = PBXFileReference; lastKnownFileType = sourcecode.swift; path = LitSwiftSDK.swift; sourceTree = "<group>"; };
		BA211D1A297176BA00C7BB26 /* Extensions.swift */ = {isa = PBXFileReference; lastKnownFileType = sourcecode.swift; path = Extensions.swift; sourceTree = "<group>"; };
		BA211D1C29717AF900C7BB26 /* Error.swift */ = {isa = PBXFileReference; lastKnownFileType = sourcecode.swift; path = Error.swift; sourceTree = "<group>"; };
		BA211D1E297181F400C7BB26 /* SessionSigs.swift */ = {isa = PBXFileReference; lastKnownFileType = sourcecode.swift; path = SessionSigs.swift; sourceTree = "<group>"; };
		BA211D202972910B00C7BB26 /* Constants.swift */ = {isa = PBXFileReference; lastKnownFileType = sourcecode.swift; path = Constants.swift; sourceTree = "<group>"; };
		BA6794962965A4FF00E22F56 /* LitProtocolSwiftSDK.framework */ = {isa = PBXFileReference; explicitFileType = wrapper.framework; includeInIndex = 0; path = LitProtocolSwiftSDK.framework; sourceTree = BUILT_PRODUCTS_DIR; };
		BA6794992965A4FF00E22F56 /* LitProtocolSwiftSDK.h */ = {isa = PBXFileReference; lastKnownFileType = sourcecode.c.h; path = LitProtocolSwiftSDK.h; sourceTree = "<group>"; };
		BA67949A2965A4FF00E22F56 /* LitProtocolSwiftSDK.docc */ = {isa = PBXFileReference; lastKnownFileType = folder.documentationcatalog; path = LitProtocolSwiftSDK.docc; sourceTree = "<group>"; };
		BA6794A02965A4FF00E22F56 /* LitProtocolSwiftSDKTests.xctest */ = {isa = PBXFileReference; explicitFileType = wrapper.cfbundle; includeInIndex = 0; path = LitProtocolSwiftSDKTests.xctest; sourceTree = BUILT_PRODUCTS_DIR; };
		BA6794A52965A4FF00E22F56 /* LitProtocolSwiftSDKTests.swift */ = {isa = PBXFileReference; lastKnownFileType = sourcecode.swift; path = LitProtocolSwiftSDKTests.swift; sourceTree = "<group>"; };
		BA6794B42965A53100E22F56 /* Example.app */ = {isa = PBXFileReference; explicitFileType = wrapper.application; includeInIndex = 0; path = Example.app; sourceTree = BUILT_PRODUCTS_DIR; };
		BA6794B62965A53100E22F56 /* AppDelegate.swift */ = {isa = PBXFileReference; lastKnownFileType = sourcecode.swift; path = AppDelegate.swift; sourceTree = "<group>"; };
		BA6794BD2965A53100E22F56 /* Base */ = {isa = PBXFileReference; lastKnownFileType = file.storyboard; name = Base; path = Base.lproj/Main.storyboard; sourceTree = "<group>"; };
		BA6794BF2965A53300E22F56 /* Assets.xcassets */ = {isa = PBXFileReference; lastKnownFileType = folder.assetcatalog; path = Assets.xcassets; sourceTree = "<group>"; };
		BA6794C22965A53300E22F56 /* Base */ = {isa = PBXFileReference; lastKnownFileType = file.storyboard; name = Base; path = Base.lproj/LaunchScreen.storyboard; sourceTree = "<group>"; };
		BA6794C42965A53300E22F56 /* Info.plist */ = {isa = PBXFileReference; lastKnownFileType = text.plist.xml; path = Info.plist; sourceTree = "<group>"; };
		BA6794CD2965A57100E22F56 /* LitOAuthPKPSignUp.framework */ = {isa = PBXFileReference; explicitFileType = wrapper.framework; includeInIndex = 0; path = LitOAuthPKPSignUp.framework; sourceTree = BUILT_PRODUCTS_DIR; };
		BA6794CF2965A57200E22F56 /* LitOAuthPKPSignUp.h */ = {isa = PBXFileReference; lastKnownFileType = sourcecode.c.h; path = LitOAuthPKPSignUp.h; sourceTree = "<group>"; };
		BA6794D92965A58A00E22F56 /* LitOAuthClient.swift */ = {isa = PBXFileReference; lastKnownFileType = sourcecode.swift; path = LitOAuthClient.swift; sourceTree = "<group>"; };
		BA6794DE2965A5EB00E22F56 /* LitClient.swift */ = {isa = PBXFileReference; lastKnownFileType = sourcecode.swift; path = LitClient.swift; sourceTree = "<group>"; };
		BA8FD5752966DF17008F687C /* SplashViewController.swift */ = {isa = PBXFileReference; lastKnownFileType = sourcecode.swift; path = SplashViewController.swift; sourceTree = "<group>"; };
		BA8FD5772966DFBB008F687C /* logo_gif.gif */ = {isa = PBXFileReference; lastKnownFileType = image.gif; path = logo_gif.gif; sourceTree = "<group>"; };
		BA8FD57A2966F14F008F687C /* Alamofire.framework */ = {isa = PBXFileReference; explicitFileType = wrapper.framework; path = Alamofire.framework; sourceTree = BUILT_PRODUCTS_DIR; };
		BA9795E42981630C0054EE17 /* Libecdsa_swift.modulemap */ = {isa = PBXFileReference; lastKnownFileType = "sourcecode.module-map"; path = Libecdsa_swift.modulemap; sourceTree = "<group>"; };
		BA9795E6298166F00054EE17 /* Libecdsa.swift */ = {isa = PBXFileReference; lastKnownFileType = sourcecode.swift; path = Libecdsa.swift; sourceTree = "<group>"; };
		BAE9B297296BCF0400579413 /* SignInViewController.swift */ = {isa = PBXFileReference; lastKnownFileType = sourcecode.swift; path = SignInViewController.swift; sourceTree = "<group>"; };
		BAE9B299296BD30400579413 /* Constants.swift */ = {isa = PBXFileReference; lastKnownFileType = sourcecode.swift; path = Constants.swift; sourceTree = "<group>"; };
		BAE9B29B296BD49E00579413 /* MintingPKPViewController.swift */ = {isa = PBXFileReference; lastKnownFileType = sourcecode.swift; path = MintingPKPViewController.swift; sourceTree = "<group>"; };
		BAE9B29D296BE1CB00579413 /* WalletViewController.swift */ = {isa = PBXFileReference; lastKnownFileType = sourcecode.swift; path = WalletViewController.swift; sourceTree = "<group>"; };
		E7BBD6C0ACD3CF64CA329567 /* Pods-LitProtocolSwiftSDK-LitProtocolSwiftSDKTests.release.xcconfig */ = {isa = PBXFileReference; includeInIndex = 1; lastKnownFileType = text.xcconfig; name = "Pods-LitProtocolSwiftSDK-LitProtocolSwiftSDKTests.release.xcconfig"; path = "Target Support Files/Pods-LitProtocolSwiftSDK-LitProtocolSwiftSDKTests/Pods-LitProtocolSwiftSDK-LitProtocolSwiftSDKTests.release.xcconfig"; sourceTree = "<group>"; };
		EAB8C54B66FE2054C918C788 /* Pods_LitProtocolSwiftSDK_LitProtocolSwiftSDKTests.framework */ = {isa = PBXFileReference; explicitFileType = wrapper.framework; includeInIndex = 0; path = Pods_LitProtocolSwiftSDK_LitProtocolSwiftSDKTests.framework; sourceTree = BUILT_PRODUCTS_DIR; };
		F2E102609A6AF0313AD5D701 /* Pods-LitProtocolSwiftSDK.debug.xcconfig */ = {isa = PBXFileReference; includeInIndex = 1; lastKnownFileType = text.xcconfig; name = "Pods-LitProtocolSwiftSDK.debug.xcconfig"; path = "Target Support Files/Pods-LitProtocolSwiftSDK/Pods-LitProtocolSwiftSDK.debug.xcconfig"; sourceTree = "<group>"; };
/* End PBXFileReference section */

/* Begin PBXFrameworksBuildPhase section */
		BA03CA86298156C6002E892B /* Frameworks */ = {
			isa = PBXFrameworksBuildPhase;
			buildActionMask = 2147483647;
			files = (
				BA03CA952981571F002E892B /* lecdsa.a in Frameworks */,
			);
			runOnlyForDeploymentPostprocessing = 0;
		};
		BA6794932965A4FF00E22F56 /* Frameworks */ = {
			isa = PBXFrameworksBuildPhase;
			buildActionMask = 2147483647;
			files = (
				DF6629C1104D358C85BF77F7 /* Pods_LitProtocolSwiftSDK.framework in Frameworks */,
				BA9795DD29815BCB0054EE17 /* Libecdsa_swift.framework in Frameworks */,
			);
			runOnlyForDeploymentPostprocessing = 0;
		};
		BA67949D2965A4FF00E22F56 /* Frameworks */ = {
			isa = PBXFrameworksBuildPhase;
			buildActionMask = 2147483647;
			files = (
				BA6794A12965A4FF00E22F56 /* LitProtocolSwiftSDK.framework in Frameworks */,
				00DDCD02BBD2035034A54B1C /* Pods_LitProtocolSwiftSDK_LitProtocolSwiftSDKTests.framework in Frameworks */,
			);
			runOnlyForDeploymentPostprocessing = 0;
		};
		BA6794B12965A53100E22F56 /* Frameworks */ = {
			isa = PBXFrameworksBuildPhase;
			buildActionMask = 2147483647;
			files = (
				BA03CA8F298156C6002E892B /* Libecdsa_swift.framework in Frameworks */,
				BA6794D32965A57200E22F56 /* LitOAuthPKPSignUp.framework in Frameworks */,
				CADBD86FAB7152BFE418B863 /* Pods_Example.framework in Frameworks */,
			);
			runOnlyForDeploymentPostprocessing = 0;
		};
		BA6794CA2965A57100E22F56 /* Frameworks */ = {
			isa = PBXFrameworksBuildPhase;
			buildActionMask = 2147483647;
			files = (
				BA6794F32965BE3F00E22F56 /* LitProtocolSwiftSDK.framework in Frameworks */,
				1995686182DADCB9FB6369FD /* Pods_LitOAuthPKPSignUp.framework in Frameworks */,
			);
			runOnlyForDeploymentPostprocessing = 0;
		};
/* End PBXFrameworksBuildPhase section */

/* Begin PBXGroup section */
		404C4A7FCAC82ED3712A75F9 /* Pods */ = {
			isa = PBXGroup;
			children = (
				572CB0DF2E24765C624D3F9C /* Pods-Example.debug.xcconfig */,
				A45FEF5D9E4EC0F97B5076FB /* Pods-Example.release.xcconfig */,
				4EF0D9DCF831A3A50E86907D /* Pods-LitOAuthPKPSignUp.debug.xcconfig */,
				92C5D63BF6B3F4EB9D0AB53E /* Pods-LitOAuthPKPSignUp.release.xcconfig */,
				F2E102609A6AF0313AD5D701 /* Pods-LitProtocolSwiftSDK.debug.xcconfig */,
				5F8D3E374F4693F1EA6F478D /* Pods-LitProtocolSwiftSDK.release.xcconfig */,
				451BFB0A858003FA217C22E2 /* Pods-LitProtocolSwiftSDK-LitProtocolSwiftSDKTests.debug.xcconfig */,
				E7BBD6C0ACD3CF64CA329567 /* Pods-LitProtocolSwiftSDK-LitProtocolSwiftSDKTests.release.xcconfig */,
			);
			path = Pods;
			sourceTree = "<group>";
		};
		BA03CA8A298156C6002E892B /* Libecdsa_swift */ = {
			isa = PBXGroup;
			children = (
				BA9795E42981630C0054EE17 /* Libecdsa_swift.modulemap */,
				BA9795E2298162AD0054EE17 /* libecdsa */,
				BA03CA8B298156C6002E892B /* Libecdsa_swift.h */,
				BA9795E6298166F00054EE17 /* Libecdsa.swift */,
			);
			path = Libecdsa_swift;
			sourceTree = "<group>";
		};
		BA211D1029715A2900C7BB26 /* Model */ = {
			isa = PBXGroup;
			children = (
				BA211D1129715A7700C7BB26 /* NodeClientConfig.swift */,
				BA211D1329715F2900C7BB26 /* NodeResponse.swift */,
				BA211D1E297181F400C7BB26 /* SessionSigs.swift */,
				BA211D202972910B00C7BB26 /* Constants.swift */,
			);
			path = Model;
			sourceTree = "<group>";
		};
		BA211D192971766900C7BB26 /* Utils */ = {
			isa = PBXGroup;
			children = (
				BA211D1A297176BA00C7BB26 /* Extensions.swift */,
				BA211D1C29717AF900C7BB26 /* Error.swift */,
			);
			path = Utils;
			sourceTree = "<group>";
		};
		BA67948C2965A4FF00E22F56 = {
			isa = PBXGroup;
			children = (
				BA6794982965A4FF00E22F56 /* LitProtocolSwiftSDK */,
				BA6794A42965A4FF00E22F56 /* LitProtocolSwiftSDKTests */,
				BA6794B52965A53100E22F56 /* Example */,
				BA6794CE2965A57200E22F56 /* LitOAuthPKPSignUp */,
				BA03CA8A298156C6002E892B /* Libecdsa_swift */,
				BA6794972965A4FF00E22F56 /* Products */,
				BA6794E22965AA1A00E22F56 /* Frameworks */,
				404C4A7FCAC82ED3712A75F9 /* Pods */,
			);
			sourceTree = "<group>";
		};
		BA6794972965A4FF00E22F56 /* Products */ = {
			isa = PBXGroup;
			children = (
				BA6794962965A4FF00E22F56 /* LitProtocolSwiftSDK.framework */,
				BA6794A02965A4FF00E22F56 /* LitProtocolSwiftSDKTests.xctest */,
				BA6794B42965A53100E22F56 /* Example.app */,
				BA6794CD2965A57100E22F56 /* LitOAuthPKPSignUp.framework */,
				BA03CA89298156C6002E892B /* Libecdsa_swift.framework */,
			);
			name = Products;
			sourceTree = "<group>";
		};
		BA6794982965A4FF00E22F56 /* LitProtocolSwiftSDK */ = {
			isa = PBXGroup;
			children = (
				BA211D192971766900C7BB26 /* Utils */,
				BA211D1029715A2900C7BB26 /* Model */,
				BA6794DD2965A5DF00E22F56 /* Core */,
				BA6794DB2965A5AB00E22F56 /* Networking */,
				BA6794992965A4FF00E22F56 /* LitProtocolSwiftSDK.h */,
				BA67949A2965A4FF00E22F56 /* LitProtocolSwiftSDK.docc */,
				BA211D17297167AD00C7BB26 /* LitSwiftSDK.swift */,
			);
			path = LitProtocolSwiftSDK;
			sourceTree = "<group>";
		};
		BA6794A42965A4FF00E22F56 /* LitProtocolSwiftSDKTests */ = {
			isa = PBXGroup;
			children = (
				BA6794A52965A4FF00E22F56 /* LitProtocolSwiftSDKTests.swift */,
			);
			path = LitProtocolSwiftSDKTests;
			sourceTree = "<group>";
		};
		BA6794B52965A53100E22F56 /* Example */ = {
			isa = PBXGroup;
			children = (
				BAE9B299296BD30400579413 /* Constants.swift */,
				BA6794B62965A53100E22F56 /* AppDelegate.swift */,
				BAE9B29B296BD49E00579413 /* MintingPKPViewController.swift */,
				BAE9B297296BCF0400579413 /* SignInViewController.swift */,
				BAE9B29D296BE1CB00579413 /* WalletViewController.swift */,
				BA8FD5752966DF17008F687C /* SplashViewController.swift */,
				BA8FD5772966DFBB008F687C /* logo_gif.gif */,
				BA6794BC2965A53100E22F56 /* Main.storyboard */,
				BA6794BF2965A53300E22F56 /* Assets.xcassets */,
				BA6794C12965A53300E22F56 /* LaunchScreen.storyboard */,
				BA6794C42965A53300E22F56 /* Info.plist */,
			);
			path = Example;
			sourceTree = "<group>";
		};
		BA6794CE2965A57200E22F56 /* LitOAuthPKPSignUp */ = {
			isa = PBXGroup;
			children = (
				BA6794CF2965A57200E22F56 /* LitOAuthPKPSignUp.h */,
				BA6794D92965A58A00E22F56 /* LitOAuthClient.swift */,
			);
			path = LitOAuthPKPSignUp;
			sourceTree = "<group>";
		};
		BA6794DB2965A5AB00E22F56 /* Networking */ = {
			isa = PBXGroup;
			children = (
				BA211D152971630F00C7BB26 /* Network.swift */,
			);
			path = Networking;
			sourceTree = "<group>";
		};
		BA6794DD2965A5DF00E22F56 /* Core */ = {
			isa = PBXGroup;
			children = (
				BA6794DE2965A5EB00E22F56 /* LitClient.swift */,
			);
			path = Core;
			sourceTree = "<group>";
		};
		BA6794E22965AA1A00E22F56 /* Frameworks */ = {
			isa = PBXGroup;
			children = (
				BA8FD57A2966F14F008F687C /* Alamofire.framework */,
				B55047A4043F07C8C0AC8E19 /* Pods_Example.framework */,
				9B0929B9057D700DF220DC29 /* Pods_LitOAuthPKPSignUp.framework */,
				476A90558571F47A9EB2C195 /* Pods_LitProtocolSwiftSDK.framework */,
				EAB8C54B66FE2054C918C788 /* Pods_LitProtocolSwiftSDK_LitProtocolSwiftSDKTests.framework */,
			);
			name = Frameworks;
			sourceTree = "<group>";
		};
		BA9795E2298162AD0054EE17 /* libecdsa */ = {
			isa = PBXGroup;
			children = (
				BA03CA8229815469002E892B /* libecdsa.h */,
				BA03CA942981571F002E892B /* lecdsa.a */,
			);
			path = libecdsa;
			sourceTree = "<group>";
		};
/* End PBXGroup section */

/* Begin PBXHeadersBuildPhase section */
		BA03CA84298156C6002E892B /* Headers */ = {
			isa = PBXHeadersBuildPhase;
			buildActionMask = 2147483647;
			files = (
				BA03CA8C298156C6002E892B /* Libecdsa_swift.h in Headers */,
				BA9795E52981639D0054EE17 /* libecdsa.h in Headers */,
			);
			runOnlyForDeploymentPostprocessing = 0;
		};
		BA6794912965A4FF00E22F56 /* Headers */ = {
			isa = PBXHeadersBuildPhase;
			buildActionMask = 2147483647;
			files = (
				BA6794A72965A4FF00E22F56 /* LitProtocolSwiftSDK.h in Headers */,
			);
			runOnlyForDeploymentPostprocessing = 0;
		};
		BA6794C82965A57100E22F56 /* Headers */ = {
			isa = PBXHeadersBuildPhase;
			buildActionMask = 2147483647;
			files = (
				BA6794D02965A57200E22F56 /* LitOAuthPKPSignUp.h in Headers */,
			);
			runOnlyForDeploymentPostprocessing = 0;
		};
/* End PBXHeadersBuildPhase section */

/* Begin PBXNativeTarget section */
		BA03CA88298156C6002E892B /* Libecdsa_swift */ = {
			isa = PBXNativeTarget;
			buildConfigurationList = BA03CA91298156C7002E892B /* Build configuration list for PBXNativeTarget "Libecdsa_swift" */;
			buildPhases = (
				BA03CA84298156C6002E892B /* Headers */,
				BA03CA85298156C6002E892B /* Sources */,
				BA03CA86298156C6002E892B /* Frameworks */,
				BA03CA87298156C6002E892B /* Resources */,
			);
			buildRules = (
			);
			dependencies = (
			);
			name = Libecdsa_swift;
			productName = Libecdsa_swift;
			productReference = BA03CA89298156C6002E892B /* Libecdsa_swift.framework */;
			productType = "com.apple.product-type.framework";
		};
		BA6794952965A4FF00E22F56 /* LitProtocolSwiftSDK */ = {
			isa = PBXNativeTarget;
			buildConfigurationList = BA6794AA2965A4FF00E22F56 /* Build configuration list for PBXNativeTarget "LitProtocolSwiftSDK" */;
			buildPhases = (
				BCAA69DA9E34BB05CDB29EC3 /* [CP] Check Pods Manifest.lock */,
				BA6794912965A4FF00E22F56 /* Headers */,
				BA6794922965A4FF00E22F56 /* Sources */,
				BA6794932965A4FF00E22F56 /* Frameworks */,
				BA6794942965A4FF00E22F56 /* Resources */,
				BA9795E129815BCB0054EE17 /* Embed Frameworks */,
			);
			buildRules = (
			);
			dependencies = (
				BA9795E029815BCB0054EE17 /* PBXTargetDependency */,
			);
			name = LitProtocolSwiftSDK;
			productName = LitProtocolSwiftSDK;
			productReference = BA6794962965A4FF00E22F56 /* LitProtocolSwiftSDK.framework */;
			productType = "com.apple.product-type.framework";
		};
		BA67949F2965A4FF00E22F56 /* LitProtocolSwiftSDKTests */ = {
			isa = PBXNativeTarget;
			buildConfigurationList = BA6794AD2965A4FF00E22F56 /* Build configuration list for PBXNativeTarget "LitProtocolSwiftSDKTests" */;
			buildPhases = (
				D47566AECEE0DE6E6646DC62 /* [CP] Check Pods Manifest.lock */,
				BA67949C2965A4FF00E22F56 /* Sources */,
				BA67949D2965A4FF00E22F56 /* Frameworks */,
				BA67949E2965A4FF00E22F56 /* Resources */,
				660E747F3AE107E449006474 /* [CP] Embed Pods Frameworks */,
			);
			buildRules = (
			);
			dependencies = (
				BA6794A32965A4FF00E22F56 /* PBXTargetDependency */,
			);
			name = LitProtocolSwiftSDKTests;
			productName = LitProtocolSwiftSDKTests;
			productReference = BA6794A02965A4FF00E22F56 /* LitProtocolSwiftSDKTests.xctest */;
			productType = "com.apple.product-type.bundle.unit-test";
		};
		BA6794B32965A53100E22F56 /* Example */ = {
			isa = PBXNativeTarget;
			buildConfigurationList = BA6794C52965A53300E22F56 /* Build configuration list for PBXNativeTarget "Example" */;
			buildPhases = (
				4E37CDE97659D4322164BF33 /* [CP] Check Pods Manifest.lock */,
				BA6794B02965A53100E22F56 /* Sources */,
				BA6794B12965A53100E22F56 /* Frameworks */,
				BA6794B22965A53100E22F56 /* Resources */,
				BA6794D82965A57200E22F56 /* Embed Frameworks */,
				A828E7D82BE865BE728C2FD7 /* [CP] Embed Pods Frameworks */,
			);
			buildRules = (
			);
			dependencies = (
				BA6794D22965A57200E22F56 /* PBXTargetDependency */,
				BA03CA8E298156C6002E892B /* PBXTargetDependency */,
			);
			name = Example;
			productName = Example;
			productReference = BA6794B42965A53100E22F56 /* Example.app */;
			productType = "com.apple.product-type.application";
		};
		BA6794CC2965A57100E22F56 /* LitOAuthPKPSignUp */ = {
			isa = PBXNativeTarget;
			buildConfigurationList = BA6794D52965A57200E22F56 /* Build configuration list for PBXNativeTarget "LitOAuthPKPSignUp" */;
			buildPhases = (
				A084AB1CF952335BAC65C610 /* [CP] Check Pods Manifest.lock */,
				BA6794C82965A57100E22F56 /* Headers */,
				BA6794C92965A57100E22F56 /* Sources */,
				BA6794CA2965A57100E22F56 /* Frameworks */,
				BA6794CB2965A57100E22F56 /* Resources */,
			);
			buildRules = (
			);
			dependencies = (
				BA6794EF2965B41D00E22F56 /* PBXTargetDependency */,
			);
			name = LitOAuthPKPSignUp;
			productName = LitOAuthPKPSignUp;
			productReference = BA6794CD2965A57100E22F56 /* LitOAuthPKPSignUp.framework */;
			productType = "com.apple.product-type.framework";
		};
/* End PBXNativeTarget section */

/* Begin PBXProject section */
		BA67948D2965A4FF00E22F56 /* Project object */ = {
			isa = PBXProject;
			attributes = {
				BuildIndependentTargetsInParallel = 1;
				LastSwiftUpdateCheck = 1410;
				LastUpgradeCheck = 1410;
				TargetAttributes = {
					BA03CA88298156C6002E892B = {
						CreatedOnToolsVersion = 14.1;
						LastSwiftMigration = 1410;
					};
					BA6794952965A4FF00E22F56 = {
						CreatedOnToolsVersion = 14.1;
					};
					BA67949F2965A4FF00E22F56 = {
						CreatedOnToolsVersion = 14.1;
					};
					BA6794B32965A53100E22F56 = {
						CreatedOnToolsVersion = 14.1;
					};
					BA6794CC2965A57100E22F56 = {
						CreatedOnToolsVersion = 14.1;
						LastSwiftMigration = 1410;
					};
				};
			};
			buildConfigurationList = BA6794902965A4FF00E22F56 /* Build configuration list for PBXProject "LitProtocolSwiftSDK" */;
			compatibilityVersion = "Xcode 13.0";
			developmentRegion = en;
			hasScannedForEncodings = 0;
			knownRegions = (
				en,
				Base,
			);
			mainGroup = BA67948C2965A4FF00E22F56;
			productRefGroup = BA6794972965A4FF00E22F56 /* Products */;
			projectDirPath = "";
			projectRoot = "";
			targets = (
				BA6794952965A4FF00E22F56 /* LitProtocolSwiftSDK */,
				BA67949F2965A4FF00E22F56 /* LitProtocolSwiftSDKTests */,
				BA6794B32965A53100E22F56 /* Example */,
				BA6794CC2965A57100E22F56 /* LitOAuthPKPSignUp */,
				BA03CA88298156C6002E892B /* Libecdsa_swift */,
			);
		};
/* End PBXProject section */

/* Begin PBXResourcesBuildPhase section */
		BA03CA87298156C6002E892B /* Resources */ = {
			isa = PBXResourcesBuildPhase;
			buildActionMask = 2147483647;
			files = (
			);
			runOnlyForDeploymentPostprocessing = 0;
		};
		BA6794942965A4FF00E22F56 /* Resources */ = {
			isa = PBXResourcesBuildPhase;
			buildActionMask = 2147483647;
			files = (
			);
			runOnlyForDeploymentPostprocessing = 0;
		};
		BA67949E2965A4FF00E22F56 /* Resources */ = {
			isa = PBXResourcesBuildPhase;
			buildActionMask = 2147483647;
			files = (
			);
			runOnlyForDeploymentPostprocessing = 0;
		};
		BA6794B22965A53100E22F56 /* Resources */ = {
			isa = PBXResourcesBuildPhase;
			buildActionMask = 2147483647;
			files = (
				BA6794C32965A53300E22F56 /* LaunchScreen.storyboard in Resources */,
				BA6794C02965A53300E22F56 /* Assets.xcassets in Resources */,
				BA8FD5782966DFBB008F687C /* logo_gif.gif in Resources */,
				BA6794BE2965A53100E22F56 /* Main.storyboard in Resources */,
			);
			runOnlyForDeploymentPostprocessing = 0;
		};
		BA6794CB2965A57100E22F56 /* Resources */ = {
			isa = PBXResourcesBuildPhase;
			buildActionMask = 2147483647;
			files = (
			);
			runOnlyForDeploymentPostprocessing = 0;
		};
/* End PBXResourcesBuildPhase section */

/* Begin PBXShellScriptBuildPhase section */
		4E37CDE97659D4322164BF33 /* [CP] Check Pods Manifest.lock */ = {
			isa = PBXShellScriptBuildPhase;
			buildActionMask = 2147483647;
			files = (
			);
			inputFileListPaths = (
			);
			inputPaths = (
				"${PODS_PODFILE_DIR_PATH}/Podfile.lock",
				"${PODS_ROOT}/Manifest.lock",
			);
			name = "[CP] Check Pods Manifest.lock";
			outputFileListPaths = (
			);
			outputPaths = (
				"$(DERIVED_FILE_DIR)/Pods-Example-checkManifestLockResult.txt",
			);
			runOnlyForDeploymentPostprocessing = 0;
			shellPath = /bin/sh;
			shellScript = "diff \"${PODS_PODFILE_DIR_PATH}/Podfile.lock\" \"${PODS_ROOT}/Manifest.lock\" > /dev/null\nif [ $? != 0 ] ; then\n    # print error to STDERR\n    echo \"error: The sandbox is not in sync with the Podfile.lock. Run 'pod install' or update your CocoaPods installation.\" >&2\n    exit 1\nfi\n# This output is used by Xcode 'outputs' to avoid re-running this script phase.\necho \"SUCCESS\" > \"${SCRIPT_OUTPUT_FILE_0}\"\n";
			showEnvVarsInLog = 0;
		};
		660E747F3AE107E449006474 /* [CP] Embed Pods Frameworks */ = {
			isa = PBXShellScriptBuildPhase;
			buildActionMask = 2147483647;
			files = (
			);
			inputFileListPaths = (
				"${PODS_ROOT}/Target Support Files/Pods-LitProtocolSwiftSDK-LitProtocolSwiftSDKTests/Pods-LitProtocolSwiftSDK-LitProtocolSwiftSDKTests-frameworks-${CONFIGURATION}-input-files.xcfilelist",
			);
			name = "[CP] Embed Pods Frameworks";
			outputFileListPaths = (
				"${PODS_ROOT}/Target Support Files/Pods-LitProtocolSwiftSDK-LitProtocolSwiftSDKTests/Pods-LitProtocolSwiftSDK-LitProtocolSwiftSDKTests-frameworks-${CONFIGURATION}-output-files.xcfilelist",
			);
			runOnlyForDeploymentPostprocessing = 0;
			shellPath = /bin/sh;
			shellScript = "\"${PODS_ROOT}/Target Support Files/Pods-LitProtocolSwiftSDK-LitProtocolSwiftSDKTests/Pods-LitProtocolSwiftSDK-LitProtocolSwiftSDKTests-frameworks.sh\"\n";
			showEnvVarsInLog = 0;
		};
		A084AB1CF952335BAC65C610 /* [CP] Check Pods Manifest.lock */ = {
			isa = PBXShellScriptBuildPhase;
			buildActionMask = 2147483647;
			files = (
			);
			inputFileListPaths = (
			);
			inputPaths = (
				"${PODS_PODFILE_DIR_PATH}/Podfile.lock",
				"${PODS_ROOT}/Manifest.lock",
			);
			name = "[CP] Check Pods Manifest.lock";
			outputFileListPaths = (
			);
			outputPaths = (
				"$(DERIVED_FILE_DIR)/Pods-LitOAuthPKPSignUp-checkManifestLockResult.txt",
			);
			runOnlyForDeploymentPostprocessing = 0;
			shellPath = /bin/sh;
			shellScript = "diff \"${PODS_PODFILE_DIR_PATH}/Podfile.lock\" \"${PODS_ROOT}/Manifest.lock\" > /dev/null\nif [ $? != 0 ] ; then\n    # print error to STDERR\n    echo \"error: The sandbox is not in sync with the Podfile.lock. Run 'pod install' or update your CocoaPods installation.\" >&2\n    exit 1\nfi\n# This output is used by Xcode 'outputs' to avoid re-running this script phase.\necho \"SUCCESS\" > \"${SCRIPT_OUTPUT_FILE_0}\"\n";
			showEnvVarsInLog = 0;
		};
		A828E7D82BE865BE728C2FD7 /* [CP] Embed Pods Frameworks */ = {
			isa = PBXShellScriptBuildPhase;
			buildActionMask = 2147483647;
			files = (
			);
			inputFileListPaths = (
				"${PODS_ROOT}/Target Support Files/Pods-Example/Pods-Example-frameworks-${CONFIGURATION}-input-files.xcfilelist",
			);
			name = "[CP] Embed Pods Frameworks";
			outputFileListPaths = (
				"${PODS_ROOT}/Target Support Files/Pods-Example/Pods-Example-frameworks-${CONFIGURATION}-output-files.xcfilelist",
			);
			runOnlyForDeploymentPostprocessing = 0;
			shellPath = /bin/sh;
			shellScript = "\"${PODS_ROOT}/Target Support Files/Pods-Example/Pods-Example-frameworks.sh\"\n";
			showEnvVarsInLog = 0;
		};
		BCAA69DA9E34BB05CDB29EC3 /* [CP] Check Pods Manifest.lock */ = {
			isa = PBXShellScriptBuildPhase;
			buildActionMask = 2147483647;
			files = (
			);
			inputFileListPaths = (
			);
			inputPaths = (
				"${PODS_PODFILE_DIR_PATH}/Podfile.lock",
				"${PODS_ROOT}/Manifest.lock",
			);
			name = "[CP] Check Pods Manifest.lock";
			outputFileListPaths = (
			);
			outputPaths = (
				"$(DERIVED_FILE_DIR)/Pods-LitProtocolSwiftSDK-checkManifestLockResult.txt",
			);
			runOnlyForDeploymentPostprocessing = 0;
			shellPath = /bin/sh;
			shellScript = "diff \"${PODS_PODFILE_DIR_PATH}/Podfile.lock\" \"${PODS_ROOT}/Manifest.lock\" > /dev/null\nif [ $? != 0 ] ; then\n    # print error to STDERR\n    echo \"error: The sandbox is not in sync with the Podfile.lock. Run 'pod install' or update your CocoaPods installation.\" >&2\n    exit 1\nfi\n# This output is used by Xcode 'outputs' to avoid re-running this script phase.\necho \"SUCCESS\" > \"${SCRIPT_OUTPUT_FILE_0}\"\n";
			showEnvVarsInLog = 0;
		};
		D47566AECEE0DE6E6646DC62 /* [CP] Check Pods Manifest.lock */ = {
			isa = PBXShellScriptBuildPhase;
			buildActionMask = 2147483647;
			files = (
			);
			inputFileListPaths = (
			);
			inputPaths = (
				"${PODS_PODFILE_DIR_PATH}/Podfile.lock",
				"${PODS_ROOT}/Manifest.lock",
			);
			name = "[CP] Check Pods Manifest.lock";
			outputFileListPaths = (
			);
			outputPaths = (
				"$(DERIVED_FILE_DIR)/Pods-LitProtocolSwiftSDK-LitProtocolSwiftSDKTests-checkManifestLockResult.txt",
			);
			runOnlyForDeploymentPostprocessing = 0;
			shellPath = /bin/sh;
			shellScript = "diff \"${PODS_PODFILE_DIR_PATH}/Podfile.lock\" \"${PODS_ROOT}/Manifest.lock\" > /dev/null\nif [ $? != 0 ] ; then\n    # print error to STDERR\n    echo \"error: The sandbox is not in sync with the Podfile.lock. Run 'pod install' or update your CocoaPods installation.\" >&2\n    exit 1\nfi\n# This output is used by Xcode 'outputs' to avoid re-running this script phase.\necho \"SUCCESS\" > \"${SCRIPT_OUTPUT_FILE_0}\"\n";
			showEnvVarsInLog = 0;
		};
/* End PBXShellScriptBuildPhase section */

/* Begin PBXSourcesBuildPhase section */
		BA03CA85298156C6002E892B /* Sources */ = {
			isa = PBXSourcesBuildPhase;
			buildActionMask = 2147483647;
			files = (
				BA9795E7298166F00054EE17 /* Libecdsa.swift in Sources */,
			);
			runOnlyForDeploymentPostprocessing = 0;
		};
		BA6794922965A4FF00E22F56 /* Sources */ = {
			isa = PBXSourcesBuildPhase;
			buildActionMask = 2147483647;
			files = (
				BA211D1D29717AF900C7BB26 /* Error.swift in Sources */,
				BA211D162971630F00C7BB26 /* Network.swift in Sources */,
				BA211D1F297181F400C7BB26 /* SessionSigs.swift in Sources */,
				BA6794DF2965A5EB00E22F56 /* LitClient.swift in Sources */,
				BA67949B2965A4FF00E22F56 /* LitProtocolSwiftSDK.docc in Sources */,
				BA211D212972910B00C7BB26 /* Constants.swift in Sources */,
				BA211D1429715F2900C7BB26 /* NodeResponse.swift in Sources */,
				BA211D18297167AD00C7BB26 /* LitSwiftSDK.swift in Sources */,
				BA211D1229715A7700C7BB26 /* NodeClientConfig.swift in Sources */,
				BA211D1B297176BA00C7BB26 /* Extensions.swift in Sources */,
			);
			runOnlyForDeploymentPostprocessing = 0;
		};
		BA67949C2965A4FF00E22F56 /* Sources */ = {
			isa = PBXSourcesBuildPhase;
			buildActionMask = 2147483647;
			files = (
				BA6794A62965A4FF00E22F56 /* LitProtocolSwiftSDKTests.swift in Sources */,
			);
			runOnlyForDeploymentPostprocessing = 0;
		};
		BA6794B02965A53100E22F56 /* Sources */ = {
			isa = PBXSourcesBuildPhase;
			buildActionMask = 2147483647;
			files = (
				BAE9B29A296BD30400579413 /* Constants.swift in Sources */,
				BAE9B29E296BE1CB00579413 /* WalletViewController.swift in Sources */,
				BAE9B298296BCF0400579413 /* SignInViewController.swift in Sources */,
				BAE9B29C296BD49E00579413 /* MintingPKPViewController.swift in Sources */,
				BA6794B72965A53100E22F56 /* AppDelegate.swift in Sources */,
				BA8FD5762966DF17008F687C /* SplashViewController.swift in Sources */,
			);
			runOnlyForDeploymentPostprocessing = 0;
		};
		BA6794C92965A57100E22F56 /* Sources */ = {
			isa = PBXSourcesBuildPhase;
			buildActionMask = 2147483647;
			files = (
				BA6794DA2965A58A00E22F56 /* LitOAuthClient.swift in Sources */,
			);
			runOnlyForDeploymentPostprocessing = 0;
		};
/* End PBXSourcesBuildPhase section */

/* Begin PBXTargetDependency section */
		BA03CA8E298156C6002E892B /* PBXTargetDependency */ = {
			isa = PBXTargetDependency;
			target = BA03CA88298156C6002E892B /* Libecdsa_swift */;
			targetProxy = BA03CA8D298156C6002E892B /* PBXContainerItemProxy */;
		};
		BA6794A32965A4FF00E22F56 /* PBXTargetDependency */ = {
			isa = PBXTargetDependency;
			target = BA6794952965A4FF00E22F56 /* LitProtocolSwiftSDK */;
			targetProxy = BA6794A22965A4FF00E22F56 /* PBXContainerItemProxy */;
		};
		BA6794D22965A57200E22F56 /* PBXTargetDependency */ = {
			isa = PBXTargetDependency;
			target = BA6794CC2965A57100E22F56 /* LitOAuthPKPSignUp */;
			targetProxy = BA6794D12965A57200E22F56 /* PBXContainerItemProxy */;
		};
		BA6794EF2965B41D00E22F56 /* PBXTargetDependency */ = {
			isa = PBXTargetDependency;
			target = BA6794952965A4FF00E22F56 /* LitProtocolSwiftSDK */;
			targetProxy = BA6794EE2965B41D00E22F56 /* PBXContainerItemProxy */;
		};
		BA9795E029815BCB0054EE17 /* PBXTargetDependency */ = {
			isa = PBXTargetDependency;
			target = BA03CA88298156C6002E892B /* Libecdsa_swift */;
			targetProxy = BA9795DF29815BCB0054EE17 /* PBXContainerItemProxy */;
		};
/* End PBXTargetDependency section */

/* Begin PBXVariantGroup section */
		BA6794BC2965A53100E22F56 /* Main.storyboard */ = {
			isa = PBXVariantGroup;
			children = (
				BA6794BD2965A53100E22F56 /* Base */,
			);
			name = Main.storyboard;
			sourceTree = "<group>";
		};
		BA6794C12965A53300E22F56 /* LaunchScreen.storyboard */ = {
			isa = PBXVariantGroup;
			children = (
				BA6794C22965A53300E22F56 /* Base */,
			);
			name = LaunchScreen.storyboard;
			sourceTree = "<group>";
		};
/* End PBXVariantGroup section */

/* Begin XCBuildConfiguration section */
		BA03CA92298156C7002E892B /* Debug */ = {
			isa = XCBuildConfiguration;
			buildSettings = {
				CLANG_ENABLE_MODULES = YES;
				CODE_SIGN_STYLE = Automatic;
				CURRENT_PROJECT_VERSION = 1;
				DEFINES_MODULE = YES;
				DEVELOPMENT_ASSET_PATHS = "";
				DEVELOPMENT_TEAM = A5HS3RH994;
				DYLIB_COMPATIBILITY_VERSION = 1;
				DYLIB_CURRENT_VERSION = 1;
				DYLIB_INSTALL_NAME_BASE = "@rpath";
				GENERATE_INFOPLIST_FILE = YES;
				HEADER_SEARCH_PATHS = "";
				INFOPLIST_KEY_NSHumanReadableCopyright = "";
				INSTALL_PATH = "$(LOCAL_LIBRARY_DIR)/Frameworks";
				IPHONEOS_DEPLOYMENT_TARGET = 13.0;
				LD_RUNPATH_SEARCH_PATHS = (
					"$(inherited)",
					"@executable_path/Frameworks",
					"@loader_path/Frameworks",
				);
				LIBRARY_SEARCH_PATHS = "$(inherited)";
				MARKETING_VERSION = 1.0;
				MODULEMAP_FILE = $SRCROOT/Libecdsa_swift/Libecdsa_swift.modulemap;
				PRODUCT_BUNDLE_IDENTIFIER = "com.leven.libecdsa.Libecdsa-swift";
				PRODUCT_NAME = "$(TARGET_NAME:c99extidentifier)";
				SKIP_INSTALL = YES;
				SWIFT_EMIT_LOC_STRINGS = YES;
				SWIFT_OBJC_BRIDGING_HEADER = "";
				SWIFT_OPTIMIZATION_LEVEL = "-Onone";
				SWIFT_VERSION = 5.0;
				TARGETED_DEVICE_FAMILY = "1,2";
			};
			name = Debug;
		};
		BA03CA93298156C7002E892B /* Release */ = {
			isa = XCBuildConfiguration;
			buildSettings = {
				CLANG_ENABLE_MODULES = YES;
				CODE_SIGN_STYLE = Automatic;
				CURRENT_PROJECT_VERSION = 1;
				DEFINES_MODULE = YES;
				DEVELOPMENT_ASSET_PATHS = "";
				DEVELOPMENT_TEAM = A5HS3RH994;
				DYLIB_COMPATIBILITY_VERSION = 1;
				DYLIB_CURRENT_VERSION = 1;
				DYLIB_INSTALL_NAME_BASE = "@rpath";
				GENERATE_INFOPLIST_FILE = YES;
				HEADER_SEARCH_PATHS = "";
				INFOPLIST_KEY_NSHumanReadableCopyright = "";
				INSTALL_PATH = "$(LOCAL_LIBRARY_DIR)/Frameworks";
				IPHONEOS_DEPLOYMENT_TARGET = 13.0;
				LD_RUNPATH_SEARCH_PATHS = (
					"$(inherited)",
					"@executable_path/Frameworks",
					"@loader_path/Frameworks",
				);
				LIBRARY_SEARCH_PATHS = "$(inherited)";
				MARKETING_VERSION = 1.0;
				MODULEMAP_FILE = $SRCROOT/Libecdsa_swift/Libecdsa_swift.modulemap;
				PRODUCT_BUNDLE_IDENTIFIER = "com.leven.libecdsa.Libecdsa-swift";
				PRODUCT_NAME = "$(TARGET_NAME:c99extidentifier)";
				SKIP_INSTALL = YES;
				SWIFT_EMIT_LOC_STRINGS = YES;
				SWIFT_OBJC_BRIDGING_HEADER = "";
				SWIFT_VERSION = 5.0;
				TARGETED_DEVICE_FAMILY = "1,2";
			};
			name = Release;
		};
		BA6794A82965A4FF00E22F56 /* Debug */ = {
			isa = XCBuildConfiguration;
			buildSettings = {
				ALWAYS_SEARCH_USER_PATHS = NO;
				CLANG_ANALYZER_NONNULL = YES;
				CLANG_ANALYZER_NUMBER_OBJECT_CONVERSION = YES_AGGRESSIVE;
				CLANG_CXX_LANGUAGE_STANDARD = "gnu++20";
				CLANG_ENABLE_MODULES = YES;
				CLANG_ENABLE_OBJC_ARC = YES;
				CLANG_ENABLE_OBJC_WEAK = YES;
				CLANG_WARN_BLOCK_CAPTURE_AUTORELEASING = YES;
				CLANG_WARN_BOOL_CONVERSION = YES;
				CLANG_WARN_COMMA = YES;
				CLANG_WARN_CONSTANT_CONVERSION = YES;
				CLANG_WARN_DEPRECATED_OBJC_IMPLEMENTATIONS = YES;
				CLANG_WARN_DIRECT_OBJC_ISA_USAGE = YES_ERROR;
				CLANG_WARN_DOCUMENTATION_COMMENTS = YES;
				CLANG_WARN_EMPTY_BODY = YES;
				CLANG_WARN_ENUM_CONVERSION = YES;
				CLANG_WARN_INFINITE_RECURSION = YES;
				CLANG_WARN_INT_CONVERSION = YES;
				CLANG_WARN_NON_LITERAL_NULL_CONVERSION = YES;
				CLANG_WARN_OBJC_IMPLICIT_RETAIN_SELF = YES;
				CLANG_WARN_OBJC_LITERAL_CONVERSION = YES;
				CLANG_WARN_OBJC_ROOT_CLASS = YES_ERROR;
				CLANG_WARN_QUOTED_INCLUDE_IN_FRAMEWORK_HEADER = YES;
				CLANG_WARN_RANGE_LOOP_ANALYSIS = YES;
				CLANG_WARN_STRICT_PROTOTYPES = YES;
				CLANG_WARN_SUSPICIOUS_MOVE = YES;
				CLANG_WARN_UNGUARDED_AVAILABILITY = YES_AGGRESSIVE;
				CLANG_WARN_UNREACHABLE_CODE = YES;
				CLANG_WARN__DUPLICATE_METHOD_MATCH = YES;
				COPY_PHASE_STRIP = NO;
				CURRENT_PROJECT_VERSION = 1;
				DEBUG_INFORMATION_FORMAT = dwarf;
				ENABLE_STRICT_OBJC_MSGSEND = YES;
				ENABLE_TESTABILITY = YES;
				GCC_C_LANGUAGE_STANDARD = gnu11;
				GCC_DYNAMIC_NO_PIC = NO;
				GCC_NO_COMMON_BLOCKS = YES;
				GCC_OPTIMIZATION_LEVEL = 0;
				GCC_PREPROCESSOR_DEFINITIONS = (
					"DEBUG=1",
					"$(inherited)",
				);
				GCC_WARN_64_TO_32_BIT_CONVERSION = YES;
				GCC_WARN_ABOUT_RETURN_TYPE = YES_ERROR;
				GCC_WARN_UNDECLARED_SELECTOR = YES;
				GCC_WARN_UNINITIALIZED_AUTOS = YES_AGGRESSIVE;
				GCC_WARN_UNUSED_FUNCTION = YES;
				GCC_WARN_UNUSED_VARIABLE = YES;
				IPHONEOS_DEPLOYMENT_TARGET = 16.1;
				MTL_ENABLE_DEBUG_INFO = INCLUDE_SOURCE;
				MTL_FAST_MATH = YES;
				ONLY_ACTIVE_ARCH = YES;
				SDKROOT = iphoneos;
				SWIFT_ACTIVE_COMPILATION_CONDITIONS = DEBUG;
				SWIFT_OPTIMIZATION_LEVEL = "-Onone";
				VERSIONING_SYSTEM = "apple-generic";
				VERSION_INFO_PREFIX = "";
			};
			name = Debug;
		};
		BA6794A92965A4FF00E22F56 /* Release */ = {
			isa = XCBuildConfiguration;
			buildSettings = {
				ALWAYS_SEARCH_USER_PATHS = NO;
				CLANG_ANALYZER_NONNULL = YES;
				CLANG_ANALYZER_NUMBER_OBJECT_CONVERSION = YES_AGGRESSIVE;
				CLANG_CXX_LANGUAGE_STANDARD = "gnu++20";
				CLANG_ENABLE_MODULES = YES;
				CLANG_ENABLE_OBJC_ARC = YES;
				CLANG_ENABLE_OBJC_WEAK = YES;
				CLANG_WARN_BLOCK_CAPTURE_AUTORELEASING = YES;
				CLANG_WARN_BOOL_CONVERSION = YES;
				CLANG_WARN_COMMA = YES;
				CLANG_WARN_CONSTANT_CONVERSION = YES;
				CLANG_WARN_DEPRECATED_OBJC_IMPLEMENTATIONS = YES;
				CLANG_WARN_DIRECT_OBJC_ISA_USAGE = YES_ERROR;
				CLANG_WARN_DOCUMENTATION_COMMENTS = YES;
				CLANG_WARN_EMPTY_BODY = YES;
				CLANG_WARN_ENUM_CONVERSION = YES;
				CLANG_WARN_INFINITE_RECURSION = YES;
				CLANG_WARN_INT_CONVERSION = YES;
				CLANG_WARN_NON_LITERAL_NULL_CONVERSION = YES;
				CLANG_WARN_OBJC_IMPLICIT_RETAIN_SELF = YES;
				CLANG_WARN_OBJC_LITERAL_CONVERSION = YES;
				CLANG_WARN_OBJC_ROOT_CLASS = YES_ERROR;
				CLANG_WARN_QUOTED_INCLUDE_IN_FRAMEWORK_HEADER = YES;
				CLANG_WARN_RANGE_LOOP_ANALYSIS = YES;
				CLANG_WARN_STRICT_PROTOTYPES = YES;
				CLANG_WARN_SUSPICIOUS_MOVE = YES;
				CLANG_WARN_UNGUARDED_AVAILABILITY = YES_AGGRESSIVE;
				CLANG_WARN_UNREACHABLE_CODE = YES;
				CLANG_WARN__DUPLICATE_METHOD_MATCH = YES;
				COPY_PHASE_STRIP = NO;
				CURRENT_PROJECT_VERSION = 1;
				DEBUG_INFORMATION_FORMAT = "dwarf-with-dsym";
				ENABLE_NS_ASSERTIONS = NO;
				ENABLE_STRICT_OBJC_MSGSEND = YES;
				GCC_C_LANGUAGE_STANDARD = gnu11;
				GCC_NO_COMMON_BLOCKS = YES;
				GCC_WARN_64_TO_32_BIT_CONVERSION = YES;
				GCC_WARN_ABOUT_RETURN_TYPE = YES_ERROR;
				GCC_WARN_UNDECLARED_SELECTOR = YES;
				GCC_WARN_UNINITIALIZED_AUTOS = YES_AGGRESSIVE;
				GCC_WARN_UNUSED_FUNCTION = YES;
				GCC_WARN_UNUSED_VARIABLE = YES;
				IPHONEOS_DEPLOYMENT_TARGET = 16.1;
				MTL_ENABLE_DEBUG_INFO = NO;
				MTL_FAST_MATH = YES;
				SDKROOT = iphoneos;
				SWIFT_COMPILATION_MODE = wholemodule;
				SWIFT_OPTIMIZATION_LEVEL = "-O";
				VALIDATE_PRODUCT = YES;
				VERSIONING_SYSTEM = "apple-generic";
				VERSION_INFO_PREFIX = "";
			};
			name = Release;
		};
		BA6794AB2965A4FF00E22F56 /* Debug */ = {
			isa = XCBuildConfiguration;
			baseConfigurationReference = F2E102609A6AF0313AD5D701 /* Pods-LitProtocolSwiftSDK.debug.xcconfig */;
			buildSettings = {
				CODE_SIGN_STYLE = Automatic;
				CURRENT_PROJECT_VERSION = 1;
				DEFINES_MODULE = YES;
				DEVELOPMENT_TEAM = A5HS3RH994;
				DYLIB_COMPATIBILITY_VERSION = 1;
				DYLIB_CURRENT_VERSION = 1;
				DYLIB_INSTALL_NAME_BASE = "@rpath";
				GENERATE_INFOPLIST_FILE = YES;
				INFOPLIST_KEY_NSHumanReadableCopyright = "";
				INSTALL_PATH = "$(LOCAL_LIBRARY_DIR)/Frameworks";
				IPHONEOS_DEPLOYMENT_TARGET = 13.0;
				LD_RUNPATH_SEARCH_PATHS = (
					"$(inherited)",
					"@executable_path/Frameworks",
					"@loader_path/Frameworks",
				);
				LIBRARY_SEARCH_PATHS = (
					"$(inherited)",
					"$(PROJECT_DIR)/LitProtocolSwiftSDK/Utils",
				);
				MARKETING_VERSION = 1.0;
				PRODUCT_BUNDLE_IDENTIFIER = com.leven.LitSwift.LitProtocolSwiftSDK;
				PRODUCT_NAME = "$(TARGET_NAME:c99extidentifier)";
				SKIP_INSTALL = YES;
				SWIFT_EMIT_LOC_STRINGS = YES;
				SWIFT_VERSION = 5.0;
				TARGETED_DEVICE_FAMILY = "1,2";
			};
			name = Debug;
		};
		BA6794AC2965A4FF00E22F56 /* Release */ = {
			isa = XCBuildConfiguration;
			baseConfigurationReference = 5F8D3E374F4693F1EA6F478D /* Pods-LitProtocolSwiftSDK.release.xcconfig */;
			buildSettings = {
				CODE_SIGN_STYLE = Automatic;
				CURRENT_PROJECT_VERSION = 1;
				DEFINES_MODULE = YES;
				DEVELOPMENT_TEAM = A5HS3RH994;
				DYLIB_COMPATIBILITY_VERSION = 1;
				DYLIB_CURRENT_VERSION = 1;
				DYLIB_INSTALL_NAME_BASE = "@rpath";
				GENERATE_INFOPLIST_FILE = YES;
				INFOPLIST_KEY_NSHumanReadableCopyright = "";
				INSTALL_PATH = "$(LOCAL_LIBRARY_DIR)/Frameworks";
				IPHONEOS_DEPLOYMENT_TARGET = 13.0;
				LD_RUNPATH_SEARCH_PATHS = (
					"$(inherited)",
					"@executable_path/Frameworks",
					"@loader_path/Frameworks",
				);
				LIBRARY_SEARCH_PATHS = (
					"$(inherited)",
					"$(PROJECT_DIR)/LitProtocolSwiftSDK/Utils",
				);
				MARKETING_VERSION = 1.0;
				PRODUCT_BUNDLE_IDENTIFIER = com.leven.LitSwift.LitProtocolSwiftSDK;
				PRODUCT_NAME = "$(TARGET_NAME:c99extidentifier)";
				SKIP_INSTALL = YES;
				SWIFT_EMIT_LOC_STRINGS = YES;
				SWIFT_VERSION = 5.0;
				TARGETED_DEVICE_FAMILY = "1,2";
			};
			name = Release;
		};
		BA6794AE2965A4FF00E22F56 /* Debug */ = {
			isa = XCBuildConfiguration;
			baseConfigurationReference = 451BFB0A858003FA217C22E2 /* Pods-LitProtocolSwiftSDK-LitProtocolSwiftSDKTests.debug.xcconfig */;
			buildSettings = {
				ALWAYS_EMBED_SWIFT_STANDARD_LIBRARIES = YES;
				CODE_SIGN_STYLE = Automatic;
				CURRENT_PROJECT_VERSION = 1;
				DEVELOPMENT_TEAM = A5HS3RH994;
				GENERATE_INFOPLIST_FILE = YES;
				IPHONEOS_DEPLOYMENT_TARGET = 13.0;
				MARKETING_VERSION = 1.0;
				PRODUCT_BUNDLE_IDENTIFIER = com.leven.LitSwift.LitProtocolSwiftSDKTests;
				PRODUCT_NAME = "$(TARGET_NAME)";
				SWIFT_EMIT_LOC_STRINGS = NO;
				SWIFT_VERSION = 5.0;
				TARGETED_DEVICE_FAMILY = "1,2";
			};
			name = Debug;
		};
		BA6794AF2965A4FF00E22F56 /* Release */ = {
			isa = XCBuildConfiguration;
			baseConfigurationReference = E7BBD6C0ACD3CF64CA329567 /* Pods-LitProtocolSwiftSDK-LitProtocolSwiftSDKTests.release.xcconfig */;
			buildSettings = {
				ALWAYS_EMBED_SWIFT_STANDARD_LIBRARIES = YES;
				CODE_SIGN_STYLE = Automatic;
				CURRENT_PROJECT_VERSION = 1;
				DEVELOPMENT_TEAM = A5HS3RH994;
				GENERATE_INFOPLIST_FILE = YES;
				IPHONEOS_DEPLOYMENT_TARGET = 13.0;
				MARKETING_VERSION = 1.0;
				PRODUCT_BUNDLE_IDENTIFIER = com.leven.LitSwift.LitProtocolSwiftSDKTests;
				PRODUCT_NAME = "$(TARGET_NAME)";
				SWIFT_EMIT_LOC_STRINGS = NO;
				SWIFT_VERSION = 5.0;
				TARGETED_DEVICE_FAMILY = "1,2";
			};
			name = Release;
		};
		BA6794C62965A53300E22F56 /* Debug */ = {
			isa = XCBuildConfiguration;
			baseConfigurationReference = 572CB0DF2E24765C624D3F9C /* Pods-Example.debug.xcconfig */;
			buildSettings = {
				ALWAYS_EMBED_SWIFT_STANDARD_LIBRARIES = YES;
				ASSETCATALOG_COMPILER_APPICON_NAME = AppIcon;
				ASSETCATALOG_COMPILER_GLOBAL_ACCENT_COLOR_NAME = AccentColor;
				CODE_SIGN_STYLE = Automatic;
				CURRENT_PROJECT_VERSION = 1;
				DEVELOPMENT_TEAM = A5HS3RH994;
				GENERATE_INFOPLIST_FILE = YES;
				INFOPLIST_FILE = Example/Info.plist;
				INFOPLIST_KEY_UIApplicationSupportsIndirectInputEvents = YES;
				INFOPLIST_KEY_UILaunchStoryboardName = LaunchScreen;
				INFOPLIST_KEY_UIMainStoryboardFile = Main;
				INFOPLIST_KEY_UISupportedInterfaceOrientations_iPad = "UIInterfaceOrientationPortrait UIInterfaceOrientationPortraitUpsideDown UIInterfaceOrientationLandscapeLeft UIInterfaceOrientationLandscapeRight";
				INFOPLIST_KEY_UISupportedInterfaceOrientations_iPhone = "UIInterfaceOrientationPortrait UIInterfaceOrientationLandscapeLeft UIInterfaceOrientationLandscapeRight";
				LD_RUNPATH_SEARCH_PATHS = (
					"$(inherited)",
					"@executable_path/Frameworks",
				);
				MARKETING_VERSION = 1.0;
				PRODUCT_BUNDLE_IDENTIFIER = com.leven.AuthPKPExample;
				PRODUCT_NAME = "$(TARGET_NAME)";
				SWIFT_EMIT_LOC_STRINGS = YES;
				SWIFT_VERSION = 5.0;
				TARGETED_DEVICE_FAMILY = "1,2";
			};
			name = Debug;
		};
		BA6794C72965A53300E22F56 /* Release */ = {
			isa = XCBuildConfiguration;
			baseConfigurationReference = A45FEF5D9E4EC0F97B5076FB /* Pods-Example.release.xcconfig */;
			buildSettings = {
				ALWAYS_EMBED_SWIFT_STANDARD_LIBRARIES = YES;
				ASSETCATALOG_COMPILER_APPICON_NAME = AppIcon;
				ASSETCATALOG_COMPILER_GLOBAL_ACCENT_COLOR_NAME = AccentColor;
				CODE_SIGN_STYLE = Automatic;
				CURRENT_PROJECT_VERSION = 1;
				DEVELOPMENT_TEAM = A5HS3RH994;
				GENERATE_INFOPLIST_FILE = YES;
				INFOPLIST_FILE = Example/Info.plist;
				INFOPLIST_KEY_UIApplicationSupportsIndirectInputEvents = YES;
				INFOPLIST_KEY_UILaunchStoryboardName = LaunchScreen;
				INFOPLIST_KEY_UIMainStoryboardFile = Main;
				INFOPLIST_KEY_UISupportedInterfaceOrientations_iPad = "UIInterfaceOrientationPortrait UIInterfaceOrientationPortraitUpsideDown UIInterfaceOrientationLandscapeLeft UIInterfaceOrientationLandscapeRight";
				INFOPLIST_KEY_UISupportedInterfaceOrientations_iPhone = "UIInterfaceOrientationPortrait UIInterfaceOrientationLandscapeLeft UIInterfaceOrientationLandscapeRight";
				LD_RUNPATH_SEARCH_PATHS = (
					"$(inherited)",
					"@executable_path/Frameworks",
				);
				MARKETING_VERSION = 1.0;
				PRODUCT_BUNDLE_IDENTIFIER = com.leven.AuthPKPExample;
				PRODUCT_NAME = "$(TARGET_NAME)";
				SWIFT_EMIT_LOC_STRINGS = YES;
				SWIFT_VERSION = 5.0;
				TARGETED_DEVICE_FAMILY = "1,2";
			};
			name = Release;
		};
		BA6794D62965A57200E22F56 /* Debug */ = {
			isa = XCBuildConfiguration;
			baseConfigurationReference = 4EF0D9DCF831A3A50E86907D /* Pods-LitOAuthPKPSignUp.debug.xcconfig */;
			buildSettings = {
				CLANG_ENABLE_MODULES = YES;
				CODE_SIGN_STYLE = Automatic;
				CURRENT_PROJECT_VERSION = 1;
				DEFINES_MODULE = YES;
				DEVELOPMENT_TEAM = A5HS3RH994;
				DYLIB_COMPATIBILITY_VERSION = 1;
				DYLIB_CURRENT_VERSION = 1;
				DYLIB_INSTALL_NAME_BASE = "@rpath";
				GENERATE_INFOPLIST_FILE = YES;
				INFOPLIST_KEY_NSHumanReadableCopyright = "";
				INSTALL_PATH = "$(LOCAL_LIBRARY_DIR)/Frameworks";
				IPHONEOS_DEPLOYMENT_TARGET = 13.0;
				LD_RUNPATH_SEARCH_PATHS = (
					"$(inherited)",
					"@executable_path/Frameworks",
					"@loader_path/Frameworks",
				);
				MARKETING_VERSION = 1.0;
				PRODUCT_BUNDLE_IDENTIFIER = com.leven.AuthPKP.LitOAuthPKPSignUp;
				PRODUCT_NAME = "$(TARGET_NAME:c99extidentifier)";
				SKIP_INSTALL = YES;
				SWIFT_EMIT_LOC_STRINGS = YES;
				SWIFT_OPTIMIZATION_LEVEL = "-Onone";
				SWIFT_VERSION = 5.0;
				TARGETED_DEVICE_FAMILY = "1,2";
			};
			name = Debug;
		};
		BA6794D72965A57200E22F56 /* Release */ = {
			isa = XCBuildConfiguration;
			baseConfigurationReference = 92C5D63BF6B3F4EB9D0AB53E /* Pods-LitOAuthPKPSignUp.release.xcconfig */;
			buildSettings = {
				CLANG_ENABLE_MODULES = YES;
				CODE_SIGN_STYLE = Automatic;
				CURRENT_PROJECT_VERSION = 1;
				DEFINES_MODULE = YES;
				DEVELOPMENT_TEAM = A5HS3RH994;
				DYLIB_COMPATIBILITY_VERSION = 1;
				DYLIB_CURRENT_VERSION = 1;
				DYLIB_INSTALL_NAME_BASE = "@rpath";
				GENERATE_INFOPLIST_FILE = YES;
				INFOPLIST_KEY_NSHumanReadableCopyright = "";
				INSTALL_PATH = "$(LOCAL_LIBRARY_DIR)/Frameworks";
				IPHONEOS_DEPLOYMENT_TARGET = 13.0;
				LD_RUNPATH_SEARCH_PATHS = (
					"$(inherited)",
					"@executable_path/Frameworks",
					"@loader_path/Frameworks",
				);
				MARKETING_VERSION = 1.0;
				PRODUCT_BUNDLE_IDENTIFIER = com.leven.AuthPKP.LitOAuthPKPSignUp;
				PRODUCT_NAME = "$(TARGET_NAME:c99extidentifier)";
				SKIP_INSTALL = YES;
				SWIFT_EMIT_LOC_STRINGS = YES;
				SWIFT_VERSION = 5.0;
				TARGETED_DEVICE_FAMILY = "1,2";
			};
			name = Release;
		};
/* End XCBuildConfiguration section */

/* Begin XCConfigurationList section */
		BA03CA91298156C7002E892B /* Build configuration list for PBXNativeTarget "Libecdsa_swift" */ = {
			isa = XCConfigurationList;
			buildConfigurations = (
				BA03CA92298156C7002E892B /* Debug */,
				BA03CA93298156C7002E892B /* Release */,
			);
			defaultConfigurationIsVisible = 0;
			defaultConfigurationName = Release;
		};
		BA6794902965A4FF00E22F56 /* Build configuration list for PBXProject "LitProtocolSwiftSDK" */ = {
			isa = XCConfigurationList;
			buildConfigurations = (
				BA6794A82965A4FF00E22F56 /* Debug */,
				BA6794A92965A4FF00E22F56 /* Release */,
			);
			defaultConfigurationIsVisible = 0;
			defaultConfigurationName = Release;
		};
		BA6794AA2965A4FF00E22F56 /* Build configuration list for PBXNativeTarget "LitProtocolSwiftSDK" */ = {
			isa = XCConfigurationList;
			buildConfigurations = (
				BA6794AB2965A4FF00E22F56 /* Debug */,
				BA6794AC2965A4FF00E22F56 /* Release */,
			);
			defaultConfigurationIsVisible = 0;
			defaultConfigurationName = Release;
		};
		BA6794AD2965A4FF00E22F56 /* Build configuration list for PBXNativeTarget "LitProtocolSwiftSDKTests" */ = {
			isa = XCConfigurationList;
			buildConfigurations = (
				BA6794AE2965A4FF00E22F56 /* Debug */,
				BA6794AF2965A4FF00E22F56 /* Release */,
			);
			defaultConfigurationIsVisible = 0;
			defaultConfigurationName = Release;
		};
		BA6794C52965A53300E22F56 /* Build configuration list for PBXNativeTarget "Example" */ = {
			isa = XCConfigurationList;
			buildConfigurations = (
				BA6794C62965A53300E22F56 /* Debug */,
				BA6794C72965A53300E22F56 /* Release */,
			);
			defaultConfigurationIsVisible = 0;
			defaultConfigurationName = Release;
		};
		BA6794D52965A57200E22F56 /* Build configuration list for PBXNativeTarget "LitOAuthPKPSignUp" */ = {
			isa = XCConfigurationList;
			buildConfigurations = (
				BA6794D62965A57200E22F56 /* Debug */,
				BA6794D72965A57200E22F56 /* Release */,
			);
			defaultConfigurationIsVisible = 0;
			defaultConfigurationName = Release;
		};
/* End XCConfigurationList section */
	};
	rootObject = BA67948D2965A4FF00E22F56 /* Project object */;
}
